
Microsoft Visual Studio Solution File, Format Version 12.00
# Visual Studio Version 17
Project("{2150E333-8FDC-42A3-9474-1A3956D46DE8}") = "CMakePredefinedTargets", "CMakePredefinedTargets", "{CFBB77EC-D699-3BB5-A7B0-C63E7A69781F}"
EndProject
Project("{8BC9CEB8-8B4A-11D0-8D11-00A0C91BC942}") = "ALL_BUILD", "ALL_BUILD.vcxproj", "{98864B0A-C2AA-3C3D-8855-3B9FBB7F68F2}"
	ProjectSection(ProjectDependencies) = postProject
		{1DA61B72-18C3-3E9A-B8BE-C01D4A53D007} = {1DA61B72-18C3-3E9A-B8BE-C01D4A53D007}
		{180FA394-2972-3E1F-9DC1-F28C238E42B6} = {180FA394-2972-3E1F-9DC1-F28C238E42B6}
		{DEC86412-59C2-3F5E-A14C-1CE904F037B9} = {DEC86412-59C2-3F5E-A14C-1CE904F037B9}
		{E1E6D301-463C-37E4-AA17-539C8E4FF313} = {E1E6D301-463C-37E4-AA17-539C8E4FF313}
		{AF569AFE-D547-34DE-9C8D-911210E65704} = {AF569AFE-D547-34DE-9C8D-911210E65704}
		{74F00E68-EA46-39F8-942F-A067F90E4517} = {74F00E68-EA46-39F8-942F-A067F90E4517}
		{762C2D46-A3F9-3EB2-AE18-48168D9574CF} = {762C2D46-A3F9-3EB2-AE18-48168D9574CF}
		{60DCC943-BC43-3E05-BB5E-ECFD438050AF} = {60DCC943-BC43-3E05-BB5E-ECFD438050AF}
		{312BD2E0-B523-3F18-B64B-79A3DB48569E} = {312BD2E0-B523-3F18-B64B-79A3DB48569E}
		{90DCAB3A-EC0D-36FA-819D-420391DEF022} = {90DCAB3A-EC0D-36FA-819D-420391DEF022}
		{034632ED-253A-39DA-AE3A-1D27F50CDFFD} = {034632ED-253A-39DA-AE3A-1D27F50CDFFD}
	EndProjectSection
EndProject
Project("{8BC9CEB8-8B4A-11D0-8D11-00A0C91BC942}") = "INSTALL", "INSTALL.vcxproj", "{5354712B-071D-3AF6-A1E4-4AA7C7A8DBB1}"
	ProjectSection(ProjectDependencies) = postProject
		{98864B0A-C2AA-3C3D-8855-3B9FBB7F68F2} = {98864B0A-C2AA-3C3D-8855-3B9FBB7F68F2}
		{60DCC943-BC43-3E05-BB5E-ECFD438050AF} = {60DCC943-BC43-3E05-BB5E-ECFD438050AF}
	EndProjectSection
EndProject
Project("{8BC9CEB8-8B4A-11D0-8D11-00A0C91BC942}") = "PACKAGE", "PACKAGE.vcxproj", "{BEF19C37-5364-37F6-B94C-C66A5207CC06}"
	ProjectSection(ProjectDependencies) = postProject
		{98864B0A-C2AA-3C3D-8855-3B9FBB7F68F2} = {98864B0A-C2AA-3C3D-8855-3B9FBB7F68F2}
		{60DCC943-BC43-3E05-BB5E-ECFD438050AF} = {60DCC943-BC43-3E05-BB5E-ECFD438050AF}
	EndProjectSection
EndProject
Project("{8BC9CEB8-8B4A-11D0-8D11-00A0C91BC942}") = "SDL2", "dependencies\SDL\SDL2.vcxproj", "{1DA61B72-18C3-3E9A-B8BE-C01D4A53D007}"
	ProjectSection(ProjectDependencies) = postProject
		{60DCC943-BC43-3E05-BB5E-ECFD438050AF} = {60DCC943-BC43-3E05-BB5E-ECFD438050AF}
		{FA189267-A936-39BB-A931-A66F0380B2BE} = {FA189267-A936-39BB-A931-A66F0380B2BE}
	EndProjectSection
EndProject
Project("{8BC9CEB8-8B4A-11D0-8D11-00A0C91BC942}") = "SDL2-static", "dependencies\SDL\SDL2-static.vcxproj", "{180FA394-2972-3E1F-9DC1-F28C238E42B6}"
	ProjectSection(ProjectDependencies) = postProject
		{60DCC943-BC43-3E05-BB5E-ECFD438050AF} = {60DCC943-BC43-3E05-BB5E-ECFD438050AF}
		{FA189267-A936-39BB-A931-A66F0380B2BE} = {FA189267-A936-39BB-A931-A66F0380B2BE}
	EndProjectSection
EndProject
Project("{8BC9CEB8-8B4A-11D0-8D11-00A0C91BC942}") = "SDL2_image", "dependencies\SDL_image\SDL2_image.vcxproj", "{DEC86412-59C2-3F5E-A14C-1CE904F037B9}"
	ProjectSection(ProjectDependencies) = postProject
		{1DA61B72-18C3-3E9A-B8BE-C01D4A53D007} = {1DA61B72-18C3-3E9A-B8BE-C01D4A53D007}
		{60DCC943-BC43-3E05-BB5E-ECFD438050AF} = {60DCC943-BC43-3E05-BB5E-ECFD438050AF}
	EndProjectSection
EndProject
Project("{8BC9CEB8-8B4A-11D0-8D11-00A0C91BC942}") = "SDL2_mixer", "dependencies\SDL_mixer\SDL2_mixer.vcxproj", "{E1E6D301-463C-37E4-AA17-539C8E4FF313}"
	ProjectSection(ProjectDependencies) = postProject
		{1DA61B72-18C3-3E9A-B8BE-C01D4A53D007} = {1DA61B72-18C3-3E9A-B8BE-C01D4A53D007}
		{60DCC943-BC43-3E05-BB5E-ECFD438050AF} = {60DCC943-BC43-3E05-BB5E-ECFD438050AF}
		{4A42B4FF-7910-358A-9461-BC3830B8E45F} = {4A42B4FF-7910-358A-9461-BC3830B8E45F}
		{74371EC2-4D66-3532-B6D2-DCE7502BECD7} = {74371EC2-4D66-3532-B6D2-DCE7502BECD7}
		{C0B61C61-B105-36BE-8879-DAC89E4E5EE1} = {C0B61C61-B105-36BE-8879-DAC89E4E5EE1}
	EndProjectSection
EndProject
Project("{8BC9CEB8-8B4A-11D0-8D11-00A0C91BC942}") = "SDL2_test", "dependencies\SDL\SDL2_test.vcxproj", "{AF569AFE-D547-34DE-9C8D-911210E65704}"
	ProjectSection(ProjectDependencies) = postProject
		{60DCC943-BC43-3E05-BB5E-ECFD438050AF} = {60DCC943-BC43-3E05-BB5E-ECFD438050AF}
		{FA189267-A936-39BB-A931-A66F0380B2BE} = {FA189267-A936-39BB-A931-A66F0380B2BE}
	EndProjectSection
EndProject
Project("{8BC9CEB8-8B4A-11D0-8D11-00A0C91BC942}") = "SDL2_ttf", "dependencies\SDL_ttf\SDL2_ttf.vcxproj", "{74F00E68-EA46-39F8-942F-A067F90E4517}"
	ProjectSection(ProjectDependencies) = postProject
		{1DA61B72-18C3-3E9A-B8BE-C01D4A53D007} = {1DA61B72-18C3-3E9A-B8BE-C01D4A53D007}
		{60DCC943-BC43-3E05-BB5E-ECFD438050AF} = {60DCC943-BC43-3E05-BB5E-ECFD438050AF}
		{1AF6BFE4-976B-395C-9937-1EE114A46E26} = {1AF6BFE4-976B-395C-9937-1EE114A46E26}
	EndProjectSection
EndProject
Project("{8BC9CEB8-8B4A-11D0-8D11-00A0C91BC942}") = "SDL2main", "dependencies\SDL\SDL2main.vcxproj", "{762C2D46-A3F9-3EB2-AE18-48168D9574CF}"
	ProjectSection(ProjectDependencies) = postProject
		{60DCC943-BC43-3E05-BB5E-ECFD438050AF} = {60DCC943-BC43-3E05-BB5E-ECFD438050AF}
		{FA189267-A936-39BB-A931-A66F0380B2BE} = {FA189267-A936-39BB-A931-A66F0380B2BE}
	EndProjectSection
EndProject
Project("{8BC9CEB8-8B4A-11D0-8D11-00A0C91BC942}") = "ZERO_CHECK", "ZERO_CHECK.vcxproj", "{60DCC943-BC43-3E05-BB5E-ECFD438050AF}"
	ProjectSection(ProjectDependencies) = postProject
	EndProjectSection
EndProject
Project("{8BC9CEB8-8B4A-11D0-8D11-00A0C91BC942}") = "box2d", "dependencies\box2d\src\box2d.vcxproj", "{312BD2E0-B523-3F18-B64B-79A3DB48569E}"
	ProjectSection(ProjectDependencies) = postProject
		{60DCC943-BC43-3E05-BB5E-ECFD438050AF} = {60DCC943-BC43-3E05-BB5E-ECFD438050AF}
	EndProjectSection
EndProject
Project("{8BC9CEB8-8B4A-11D0-8D11-00A0C91BC942}") = "freetype", "dependencies\SDL_ttf\external\freetype\freetype.vcxproj", "{1AF6BFE4-976B-395C-9937-1EE114A46E26}"
	ProjectSection(ProjectDependencies) = postProject
		{60DCC943-BC43-3E05-BB5E-ECFD438050AF} = {60DCC943-BC43-3E05-BB5E-ECFD438050AF}
	EndProjectSection
EndProject
Project("{8BC9CEB8-8B4A-11D0-8D11-00A0C91BC942}") = "ogg", "dependencies\SDL_mixer\external\ogg\ogg.vcxproj", "{CDBDAA97-2D4C-3331-BAE2-C8C8D7D91B13}"
	ProjectSection(ProjectDependencies) = postProject
		{60DCC943-BC43-3E05-BB5E-ECFD438050AF} = {60DCC943-BC43-3E05-BB5E-ECFD438050AF}
	EndProjectSection
EndProject
Project("{8BC9CEB8-8B4A-11D0-8D11-00A0C91BC942}") = "opus", "dependencies\SDL_mixer\external\opus\opus.vcxproj", "{4E84F0E7-2E45-3FCE-9F98-DB2A2F44B198}"
	ProjectSection(ProjectDependencies) = postProject
		{60DCC943-BC43-3E05-BB5E-ECFD438050AF} = {60DCC943-BC43-3E05-BB5E-ECFD438050AF}
	EndProjectSection
EndProject
Project("{8BC9CEB8-8B4A-11D0-8D11-00A0C91BC942}") = "opusfile", "dependencies\SDL_mixer\external\opusfile\opusfile.vcxproj", "{4A42B4FF-7910-358A-9461-BC3830B8E45F}"
	ProjectSection(ProjectDependencies) = postProject
		{60DCC943-BC43-3E05-BB5E-ECFD438050AF} = {60DCC943-BC43-3E05-BB5E-ECFD438050AF}
		{CDBDAA97-2D4C-3331-BAE2-C8C8D7D91B13} = {CDBDAA97-2D4C-3331-BAE2-C8C8D7D91B13}
		{4E84F0E7-2E45-3FCE-9F98-DB2A2F44B198} = {4E84F0E7-2E45-3FCE-9F98-DB2A2F44B198}
	EndProjectSection
EndProject
Project("{8BC9CEB8-8B4A-11D0-8D11-00A0C91BC942}") = "rtaudio", "dependencies\rtaudio\rtaudio.vcxproj", "{90DCAB3A-EC0D-36FA-819D-420391DEF022}"
	ProjectSection(ProjectDependencies) = postProject
		{60DCC943-BC43-3E05-BB5E-ECFD438050AF} = {60DCC943-BC43-3E05-BB5E-ECFD438050AF}
	EndProjectSection
EndProject
Project("{8BC9CEB8-8B4A-11D0-8D11-00A0C91BC942}") = "sdl_headers_copy", "dependencies\SDL\sdl_headers_copy.vcxproj", "{FA189267-A936-39BB-A931-A66F0380B2BE}"
	ProjectSection(ProjectDependencies) = postProject
		{60DCC943-BC43-3E05-BB5E-ECFD438050AF} = {60DCC943-BC43-3E05-BB5E-ECFD438050AF}
	EndProjectSection
EndProject
Project("{8BC9CEB8-8B4A-11D0-8D11-00A0C91BC942}") = "umbra", "umbra.vcxproj", "{034632ED-253A-39DA-AE3A-1D27F50CDFFD}"
	ProjectSection(ProjectDependencies) = postProject
		{1DA61B72-18C3-3E9A-B8BE-C01D4A53D007} = {1DA61B72-18C3-3E9A-B8BE-C01D4A53D007}
		{DEC86412-59C2-3F5E-A14C-1CE904F037B9} = {DEC86412-59C2-3F5E-A14C-1CE904F037B9}
		{E1E6D301-463C-37E4-AA17-539C8E4FF313} = {E1E6D301-463C-37E4-AA17-539C8E4FF313}
		{74F00E68-EA46-39F8-942F-A067F90E4517} = {74F00E68-EA46-39F8-942F-A067F90E4517}
		{60DCC943-BC43-3E05-BB5E-ECFD438050AF} = {60DCC943-BC43-3E05-BB5E-ECFD438050AF}
		{312BD2E0-B523-3F18-B64B-79A3DB48569E} = {312BD2E0-B523-3F18-B64B-79A3DB48569E}
		{90DCAB3A-EC0D-36FA-819D-420391DEF022} = {90DCAB3A-EC0D-36FA-819D-420391DEF022}
	EndProjectSection
EndProject
Project("{8BC9CEB8-8B4A-11D0-8D11-00A0C91BC942}") = "uninstall", "dependencies\SDL\uninstall.vcxproj", "{A9878ED2-18E3-3C03-B8CE-929BA2B868A2}"
	ProjectSection(ProjectDependencies) = postProject
		{60DCC943-BC43-3E05-BB5E-ECFD438050AF} = {60DCC943-BC43-3E05-BB5E-ECFD438050AF}
	EndProjectSection
EndProject
Project("{8BC9CEB8-8B4A-11D0-8D11-00A0C91BC942}") = "wavpack", "dependencies\SDL_mixer\external\wavpack\wavpack.vcxproj", "{74371EC2-4D66-3532-B6D2-DCE7502BECD7}"
	ProjectSection(ProjectDependencies) = postProject
		{60DCC943-BC43-3E05-BB5E-ECFD438050AF} = {60DCC943-BC43-3E05-BB5E-ECFD438050AF}
	EndProjectSection
EndProject
Project("{8BC9CEB8-8B4A-11D0-8D11-00A0C91BC942}") = "xmp_shared", "dependencies\SDL_mixer\external\libxmp\xmp_shared.vcxproj", "{C0B61C61-B105-36BE-8879-DAC89E4E5EE1}"
	ProjectSection(ProjectDependencies) = postProject
		{60DCC943-BC43-3E05-BB5E-ECFD438050AF} = {60DCC943-BC43-3E05-BB5E-ECFD438050AF}
	EndProjectSection
EndProject
Global
	GlobalSection(SolutionConfigurationPlatforms) = preSolution
		Debug|x64 = Debug|x64
		Release|x64 = Release|x64
		MinSizeRel|x64 = MinSizeRel|x64
		RelWithDebInfo|x64 = RelWithDebInfo|x64
	EndGlobalSection
	GlobalSection(ProjectConfigurationPlatforms) = postSolution
		{98864B0A-C2AA-3C3D-8855-3B9FBB7F68F2}.Debug|x64.ActiveCfg = Debug|x64
		{98864B0A-C2AA-3C3D-8855-3B9FBB7F68F2}.Debug|x64.Build.0 = Debug|x64
		{98864B0A-C2AA-3C3D-8855-3B9FBB7F68F2}.Release|x64.ActiveCfg = Release|x64
		{98864B0A-C2AA-3C3D-8855-3B9FBB7F68F2}.Release|x64.Build.0 = Release|x64
		{98864B0A-C2AA-3C3D-8855-3B9FBB7F68F2}.MinSizeRel|x64.ActiveCfg = MinSizeRel|x64
		{98864B0A-C2AA-3C3D-8855-3B9FBB7F68F2}.MinSizeRel|x64.Build.0 = MinSizeRel|x64
		{98864B0A-C2AA-3C3D-8855-3B9FBB7F68F2}.RelWithDebInfo|x64.ActiveCfg = RelWithDebInfo|x64
		{98864B0A-C2AA-3C3D-8855-3B9FBB7F68F2}.RelWithDebInfo|x64.Build.0 = RelWithDebInfo|x64
		{5354712B-071D-3AF6-A1E4-4AA7C7A8DBB1}.Debug|x64.ActiveCfg = Debug|x64
		{5354712B-071D-3AF6-A1E4-4AA7C7A8DBB1}.Release|x64.ActiveCfg = Release|x64
		{5354712B-071D-3AF6-A1E4-4AA7C7A8DBB1}.MinSizeRel|x64.ActiveCfg = MinSizeRel|x64
		{5354712B-071D-3AF6-A1E4-4AA7C7A8DBB1}.RelWithDebInfo|x64.ActiveCfg = RelWithDebInfo|x64
		{BEF19C37-5364-37F6-B94C-C66A5207CC06}.Debug|x64.ActiveCfg = Debug|x64
		{BEF19C37-5364-37F6-B94C-C66A5207CC06}.Release|x64.ActiveCfg = Release|x64
		{BEF19C37-5364-37F6-B94C-C66A5207CC06}.MinSizeRel|x64.ActiveCfg = MinSizeRel|x64
		{BEF19C37-5364-37F6-B94C-C66A5207CC06}.RelWithDebInfo|x64.ActiveCfg = RelWithDebInfo|x64
		{1DA61B72-18C3-3E9A-B8BE-C01D4A53D007}.Debug|x64.ActiveCfg = Debug|x64
		{1DA61B72-18C3-3E9A-B8BE-C01D4A53D007}.Debug|x64.Build.0 = Debug|x64
		{1DA61B72-18C3-3E9A-B8BE-C01D4A53D007}.Release|x64.ActiveCfg = Release|x64
		{1DA61B72-18C3-3E9A-B8BE-C01D4A53D007}.Release|x64.Build.0 = Release|x64
		{1DA61B72-18C3-3E9A-B8BE-C01D4A53D007}.MinSizeRel|x64.ActiveCfg = MinSizeRel|x64
		{1DA61B72-18C3-3E9A-B8BE-C01D4A53D007}.MinSizeRel|x64.Build.0 = MinSizeRel|x64
		{1DA61B72-18C3-3E9A-B8BE-C01D4A53D007}.RelWithDebInfo|x64.ActiveCfg = RelWithDebInfo|x64
		{1DA61B72-18C3-3E9A-B8BE-C01D4A53D007}.RelWithDebInfo|x64.Build.0 = RelWithDebInfo|x64
		{180FA394-2972-3E1F-9DC1-F28C238E42B6}.Debug|x64.ActiveCfg = Debug|x64
		{180FA394-2972-3E1F-9DC1-F28C238E42B6}.Debug|x64.Build.0 = Debug|x64
		{180FA394-2972-3E1F-9DC1-F28C238E42B6}.Release|x64.ActiveCfg = Release|x64
		{180FA394-2972-3E1F-9DC1-F28C238E42B6}.Release|x64.Build.0 = Release|x64
		{180FA394-2972-3E1F-9DC1-F28C238E42B6}.MinSizeRel|x64.ActiveCfg = MinSizeRel|x64
		{180FA394-2972-3E1F-9DC1-F28C238E42B6}.MinSizeRel|x64.Build.0 = MinSizeRel|x64
		{180FA394-2972-3E1F-9DC1-F28C238E42B6}.RelWithDebInfo|x64.ActiveCfg = RelWithDebInfo|x64
		{180FA394-2972-3E1F-9DC1-F28C238E42B6}.RelWithDebInfo|x64.Build.0 = RelWithDebInfo|x64
		{DEC86412-59C2-3F5E-A14C-1CE904F037B9}.Debug|x64.ActiveCfg = Debug|x64
		{DEC86412-59C2-3F5E-A14C-1CE904F037B9}.Debug|x64.Build.0 = Debug|x64
		{DEC86412-59C2-3F5E-A14C-1CE904F037B9}.Release|x64.ActiveCfg = Release|x64
		{DEC86412-59C2-3F5E-A14C-1CE904F037B9}.Release|x64.Build.0 = Release|x64
		{DEC86412-59C2-3F5E-A14C-1CE904F037B9}.MinSizeRel|x64.ActiveCfg = MinSizeRel|x64
		{DEC86412-59C2-3F5E-A14C-1CE904F037B9}.MinSizeRel|x64.Build.0 = MinSizeRel|x64
		{DEC86412-59C2-3F5E-A14C-1CE904F037B9}.RelWithDebInfo|x64.ActiveCfg = RelWithDebInfo|x64
		{DEC86412-59C2-3F5E-A14C-1CE904F037B9}.RelWithDebInfo|x64.Build.0 = RelWithDebInfo|x64
		{E1E6D301-463C-37E4-AA17-539C8E4FF313}.Debug|x64.ActiveCfg = Debug|x64
		{E1E6D301-463C-37E4-AA17-539C8E4FF313}.Debug|x64.Build.0 = Debug|x64
		{E1E6D301-463C-37E4-AA17-539C8E4FF313}.Release|x64.ActiveCfg = Release|x64
		{E1E6D301-463C-37E4-AA17-539C8E4FF313}.Release|x64.Build.0 = Release|x64
		{E1E6D301-463C-37E4-AA17-539C8E4FF313}.MinSizeRel|x64.ActiveCfg = MinSizeRel|x64
		{E1E6D301-463C-37E4-AA17-539C8E4FF313}.MinSizeRel|x64.Build.0 = MinSizeRel|x64
		{E1E6D301-463C-37E4-AA17-539C8E4FF313}.RelWithDebInfo|x64.ActiveCfg = RelWithDebInfo|x64
		{E1E6D301-463C-37E4-AA17-539C8E4FF313}.RelWithDebInfo|x64.Build.0 = RelWithDebInfo|x64
		{AF569AFE-D547-34DE-9C8D-911210E65704}.Debug|x64.ActiveCfg = Debug|x64
		{AF569AFE-D547-34DE-9C8D-911210E65704}.Debug|x64.Build.0 = Debug|x64
		{AF569AFE-D547-34DE-9C8D-911210E65704}.Release|x64.ActiveCfg = Release|x64
		{AF569AFE-D547-34DE-9C8D-911210E65704}.Release|x64.Build.0 = Release|x64
		{AF569AFE-D547-34DE-9C8D-911210E65704}.MinSizeRel|x64.ActiveCfg = MinSizeRel|x64
		{AF569AFE-D547-34DE-9C8D-911210E65704}.MinSizeRel|x64.Build.0 = MinSizeRel|x64
		{AF569AFE-D547-34DE-9C8D-911210E65704}.RelWithDebInfo|x64.ActiveCfg = RelWithDebInfo|x64
		{AF569AFE-D547-34DE-9C8D-911210E65704}.RelWithDebInfo|x64.Build.0 = RelWithDebInfo|x64
		{74F00E68-EA46-39F8-942F-A067F90E4517}.Debug|x64.ActiveCfg = Debug|x64
		{74F00E68-EA46-39F8-942F-A067F90E4517}.Debug|x64.Build.0 = Debug|x64
		{74F00E68-EA46-39F8-942F-A067F90E4517}.Release|x64.ActiveCfg = Release|x64
		{74F00E68-EA46-39F8-942F-A067F90E4517}.Release|x64.Build.0 = Release|x64
		{74F00E68-EA46-39F8-942F-A067F90E4517}.MinSizeRel|x64.ActiveCfg = MinSizeRel|x64
		{74F00E68-EA46-39F8-942F-A067F90E4517}.MinSizeRel|x64.Build.0 = MinSizeRel|x64
		{74F00E68-EA46-39F8-942F-A067F90E4517}.RelWithDebInfo|x64.ActiveCfg = RelWithDebInfo|x64
		{74F00E68-EA46-39F8-942F-A067F90E4517}.RelWithDebInfo|x64.Build.0 = RelWithDebInfo|x64
		{762C2D46-A3F9-3EB2-AE18-48168D9574CF}.Debug|x64.ActiveCfg = Debug|x64
		{762C2D46-A3F9-3EB2-AE18-48168D9574CF}.Debug|x64.Build.0 = Debug|x64
		{762C2D46-A3F9-3EB2-AE18-48168D9574CF}.Release|x64.ActiveCfg = Release|x64
		{762C2D46-A3F9-3EB2-AE18-48168D9574CF}.Release|x64.Build.0 = Release|x64
		{762C2D46-A3F9-3EB2-AE18-48168D9574CF}.MinSizeRel|x64.ActiveCfg = MinSizeRel|x64
		{762C2D46-A3F9-3EB2-AE18-48168D9574CF}.MinSizeRel|x64.Build.0 = MinSizeRel|x64
		{762C2D46-A3F9-3EB2-AE18-48168D9574CF}.RelWithDebInfo|x64.ActiveCfg = RelWithDebInfo|x64
		{762C2D46-A3F9-3EB2-AE18-48168D9574CF}.RelWithDebInfo|x64.Build.0 = RelWithDebInfo|x64
		{60DCC943-BC43-3E05-BB5E-ECFD438050AF}.Debug|x64.ActiveCfg = Debug|x64
		{60DCC943-BC43-3E05-BB5E-ECFD438050AF}.Debug|x64.Build.0 = Debug|x64
		{60DCC943-BC43-3E05-BB5E-ECFD438050AF}.Release|x64.ActiveCfg = Release|x64
		{60DCC943-BC43-3E05-BB5E-ECFD438050AF}.Release|x64.Build.0 = Release|x64
		{60DCC943-BC43-3E05-BB5E-ECFD438050AF}.MinSizeRel|x64.ActiveCfg = MinSizeRel|x64
		{60DCC943-BC43-3E05-BB5E-ECFD438050AF}.MinSizeRel|x64.Build.0 = MinSizeRel|x64
		{60DCC943-BC43-3E05-BB5E-ECFD438050AF}.RelWithDebInfo|x64.ActiveCfg = RelWithDebInfo|x64
		{60DCC943-BC43-3E05-BB5E-ECFD438050AF}.RelWithDebInfo|x64.Build.0 = RelWithDebInfo|x64
		{312BD2E0-B523-3F18-B64B-79A3DB48569E}.Debug|x64.ActiveCfg = Debug|x64
		{312BD2E0-B523-3F18-B64B-79A3DB48569E}.Debug|x64.Build.0 = Debug|x64
		{312BD2E0-B523-3F18-B64B-79A3DB48569E}.Release|x64.ActiveCfg = Release|x64
		{312BD2E0-B523-3F18-B64B-79A3DB48569E}.Release|x64.Build.0 = Release|x64
		{312BD2E0-B523-3F18-B64B-79A3DB48569E}.MinSizeRel|x64.ActiveCfg = MinSizeRel|x64
		{312BD2E0-B523-3F18-B64B-79A3DB48569E}.MinSizeRel|x64.Build.0 = MinSizeRel|x64
		{312BD2E0-B523-3F18-B64B-79A3DB48569E}.RelWithDebInfo|x64.ActiveCfg = RelWithDebInfo|x64
		{312BD2E0-B523-3F18-B64B-79A3DB48569E}.RelWithDebInfo|x64.Build.0 = RelWithDebInfo|x64
		{1AF6BFE4-976B-395C-9937-1EE114A46E26}.Debug|x64.ActiveCfg = Debug|x64
		{1AF6BFE4-976B-395C-9937-1EE114A46E26}.Debug|x64.Build.0 = Debug|x64
		{1AF6BFE4-976B-395C-9937-1EE114A46E26}.Release|x64.ActiveCfg = Release|x64
		{1AF6BFE4-976B-395C-9937-1EE114A46E26}.Release|x64.Build.0 = Release|x64
		{1AF6BFE4-976B-395C-9937-1EE114A46E26}.MinSizeRel|x64.ActiveCfg = MinSizeRel|x64
		{1AF6BFE4-976B-395C-9937-1EE114A46E26}.MinSizeRel|x64.Build.0 = MinSizeRel|x64
		{1AF6BFE4-976B-395C-9937-1EE114A46E26}.RelWithDebInfo|x64.ActiveCfg = RelWithDebInfo|x64
		{1AF6BFE4-976B-395C-9937-1EE114A46E26}.RelWithDebInfo|x64.Build.0 = RelWithDebInfo|x64
		{CDBDAA97-2D4C-3331-BAE2-C8C8D7D91B13}.Debug|x64.ActiveCfg = Debug|x64
		{CDBDAA97-2D4C-3331-BAE2-C8C8D7D91B13}.Debug|x64.Build.0 = Debug|x64
		{CDBDAA97-2D4C-3331-BAE2-C8C8D7D91B13}.Release|x64.ActiveCfg = Release|x64
		{CDBDAA97-2D4C-3331-BAE2-C8C8D7D91B13}.Release|x64.Build.0 = Release|x64
		{CDBDAA97-2D4C-3331-BAE2-C8C8D7D91B13}.MinSizeRel|x64.ActiveCfg = MinSizeRel|x64
		{CDBDAA97-2D4C-3331-BAE2-C8C8D7D91B13}.MinSizeRel|x64.Build.0 = MinSizeRel|x64
		{CDBDAA97-2D4C-3331-BAE2-C8C8D7D91B13}.RelWithDebInfo|x64.ActiveCfg = RelWithDebInfo|x64
		{CDBDAA97-2D4C-3331-BAE2-C8C8D7D91B13}.RelWithDebInfo|x64.Build.0 = RelWithDebInfo|x64
		{4E84F0E7-2E45-3FCE-9F98-DB2A2F44B198}.Debug|x64.ActiveCfg = Debug|x64
		{4E84F0E7-2E45-3FCE-9F98-DB2A2F44B198}.Debug|x64.Build.0 = Debug|x64
		{4E84F0E7-2E45-3FCE-9F98-DB2A2F44B198}.Release|x64.ActiveCfg = Release|x64
		{4E84F0E7-2E45-3FCE-9F98-DB2A2F44B198}.Release|x64.Build.0 = Release|x64
		{4E84F0E7-2E45-3FCE-9F98-DB2A2F44B198}.MinSizeRel|x64.ActiveCfg = MinSizeRel|x64
		{4E84F0E7-2E45-3FCE-9F98-DB2A2F44B198}.MinSizeRel|x64.Build.0 = MinSizeRel|x64
		{4E84F0E7-2E45-3FCE-9F98-DB2A2F44B198}.RelWithDebInfo|x64.ActiveCfg = RelWithDebInfo|x64
		{4E84F0E7-2E45-3FCE-9F98-DB2A2F44B198}.RelWithDebInfo|x64.Build.0 = RelWithDebInfo|x64
		{4A42B4FF-7910-358A-9461-BC3830B8E45F}.Debug|x64.ActiveCfg = Debug|x64
		{4A42B4FF-7910-358A-9461-BC3830B8E45F}.Debug|x64.Build.0 = Debug|x64
		{4A42B4FF-7910-358A-9461-BC3830B8E45F}.Release|x64.ActiveCfg = Release|x64
		{4A42B4FF-7910-358A-9461-BC3830B8E45F}.Release|x64.Build.0 = Release|x64
		{4A42B4FF-7910-358A-9461-BC3830B8E45F}.MinSizeRel|x64.ActiveCfg = MinSizeRel|x64
		{4A42B4FF-7910-358A-9461-BC3830B8E45F}.MinSizeRel|x64.Build.0 = MinSizeRel|x64
		{4A42B4FF-7910-358A-9461-BC3830B8E45F}.RelWithDebInfo|x64.ActiveCfg = RelWithDebInfo|x64
		{4A42B4FF-7910-358A-9461-BC3830B8E45F}.RelWithDebInfo|x64.Build.0 = RelWithDebInfo|x64
		{90DCAB3A-EC0D-36FA-819D-420391DEF022}.Debug|x64.ActiveCfg = Debug|x64
		{90DCAB3A-EC0D-36FA-819D-420391DEF022}.Debug|x64.Build.0 = Debug|x64
		{90DCAB3A-EC0D-36FA-819D-420391DEF022}.Release|x64.ActiveCfg = Release|x64
		{90DCAB3A-EC0D-36FA-819D-420391DEF022}.Release|x64.Build.0 = Release|x64
		{90DCAB3A-EC0D-36FA-819D-420391DEF022}.MinSizeRel|x64.ActiveCfg = MinSizeRel|x64
		{90DCAB3A-EC0D-36FA-819D-420391DEF022}.MinSizeRel|x64.Build.0 = MinSizeRel|x64
		{90DCAB3A-EC0D-36FA-819D-420391DEF022}.RelWithDebInfo|x64.ActiveCfg = RelWithDebInfo|x64
		{90DCAB3A-EC0D-36FA-819D-420391DEF022}.RelWithDebInfo|x64.Build.0 = RelWithDebInfo|x64
		{FA189267-A936-39BB-A931-A66F0380B2BE}.Debug|x64.ActiveCfg = Debug|x64
		{FA189267-A936-39BB-A931-A66F0380B2BE}.Debug|x64.Build.0 = Debug|x64
		{FA189267-A936-39BB-A931-A66F0380B2BE}.Release|x64.ActiveCfg = Release|x64
		{FA189267-A936-39BB-A931-A66F0380B2BE}.Release|x64.Build.0 = Release|x64
		{FA189267-A936-39BB-A931-A66F0380B2BE}.MinSizeRel|x64.ActiveCfg = MinSizeRel|x64
		{FA189267-A936-39BB-A931-A66F0380B2BE}.MinSizeRel|x64.Build.0 = MinSizeRel|x64
		{FA189267-A936-39BB-A931-A66F0380B2BE}.RelWithDebInfo|x64.ActiveCfg = RelWithDebInfo|x64
		{FA189267-A936-39BB-A931-A66F0380B2BE}.RelWithDebInfo|x64.Build.0 = RelWithDebInfo|x64
		{034632ED-253A-39DA-AE3A-1D27F50CDFFD}.Debug|x64.ActiveCfg = Debug|x64
		{034632ED-253A-39DA-AE3A-1D27F50CDFFD}.Debug|x64.Build.0 = Debug|x64
		{034632ED-253A-39DA-AE3A-1D27F50CDFFD}.Release|x64.ActiveCfg = Release|x64
		{034632ED-253A-39DA-AE3A-1D27F50CDFFD}.Release|x64.Build.0 = Release|x64
		{034632ED-253A-39DA-AE3A-1D27F50CDFFD}.MinSizeRel|x64.ActiveCfg = MinSizeRel|x64
		{034632ED-253A-39DA-AE3A-1D27F50CDFFD}.MinSizeRel|x64.Build.0 = MinSizeRel|x64
		{034632ED-253A-39DA-AE3A-1D27F50CDFFD}.RelWithDebInfo|x64.ActiveCfg = RelWithDebInfo|x64
		{034632ED-253A-39DA-AE3A-1D27F50CDFFD}.RelWithDebInfo|x64.Build.0 = RelWithDebInfo|x64
		{A9878ED2-18E3-3C03-B8CE-929BA2B868A2}.Debug|x64.ActiveCfg = Debug|x64
		{A9878ED2-18E3-3C03-B8CE-929BA2B868A2}.Release|x64.ActiveCfg = Release|x64
		{A9878ED2-18E3-3C03-B8CE-929BA2B868A2}.MinSizeRel|x64.ActiveCfg = MinSizeRel|x64
		{A9878ED2-18E3-3C03-B8CE-929BA2B868A2}.RelWithDebInfo|x64.ActiveCfg = RelWithDebInfo|x64
		{74371EC2-4D66-3532-B6D2-DCE7502BECD7}.Debug|x64.ActiveCfg = Debug|x64
		{74371EC2-4D66-3532-B6D2-DCE7502BECD7}.Debug|x64.Build.0 = Debug|x64
		{74371EC2-4D66-3532-B6D2-DCE7502BECD7}.Release|x64.ActiveCfg = Release|x64
		{74371EC2-4D66-3532-B6D2-DCE7502BECD7}.Release|x64.Build.0 = Release|x64
		{74371EC2-4D66-3532-B6D2-DCE7502BECD7}.MinSizeRel|x64.ActiveCfg = MinSizeRel|x64
		{74371EC2-4D66-3532-B6D2-DCE7502BECD7}.MinSizeRel|x64.Build.0 = MinSizeRel|x64
		{74371EC2-4D66-3532-B6D2-DCE7502BECD7}.RelWithDebInfo|x64.ActiveCfg = RelWithDebInfo|x64
		{74371EC2-4D66-3532-B6D2-DCE7502BECD7}.RelWithDebInfo|x64.Build.0 = RelWithDebInfo|x64
		{C0B61C61-B105-36BE-8879-DAC89E4E5EE1}.Debug|x64.ActiveCfg = Debug|x64
		{C0B61C61-B105-36BE-8879-DAC89E4E5EE1}.Debug|x64.Build.0 = Debug|x64
		{C0B61C61-B105-36BE-8879-DAC89E4E5EE1}.Release|x64.ActiveCfg = Release|x64
		{C0B61C61-B105-36BE-8879-DAC89E4E5EE1}.Release|x64.Build.0 = Release|x64
		{C0B61C61-B105-36BE-8879-DAC89E4E5EE1}.MinSizeRel|x64.ActiveCfg = MinSizeRel|x64
		{C0B61C61-B105-36BE-8879-DAC89E4E5EE1}.MinSizeRel|x64.Build.0 = MinSizeRel|x64
		{C0B61C61-B105-36BE-8879-DAC89E4E5EE1}.RelWithDebInfo|x64.ActiveCfg = RelWithDebInfo|x64
		{C0B61C61-B105-36BE-8879-DAC89E4E5EE1}.RelWithDebInfo|x64.Build.0 = RelWithDebInfo|x64
	EndGlobalSection
	GlobalSection(NestedProjects) = preSolution
		{98864B0A-C2AA-3C3D-8855-3B9FBB7F68F2} = {CFBB77EC-D699-3BB5-A7B0-C63E7A69781F}
		{5354712B-071D-3AF6-A1E4-4AA7C7A8DBB1} = {CFBB77EC-D699-3BB5-A7B0-C63E7A69781F}
		{BEF19C37-5364-37F6-B94C-C66A5207CC06} = {CFBB77EC-D699-3BB5-A7B0-C63E7A69781F}
		{60DCC943-BC43-3E05-BB5E-ECFD438050AF} = {CFBB77EC-D699-3BB5-A7B0-C63E7A69781F}
	EndGlobalSection
	GlobalSection(ExtensibilityGlobals) = postSolution
		SolutionGuid = {A601B0B7-2B84-3A6E-B903-49A32D1E9473}
	EndGlobalSection
	GlobalSection(ExtensibilityAddIns) = postSolution
	EndGlobalSection
EndGlobal
