
Microsoft Visual Studio Solution File, Format Version 12.00
# Visual Studio Version 17
Project("{2150E333-8FDC-42A3-9474-1A3956D46DE8}") = "CMakePredefinedTargets", "CMakePredefinedTargets", "{BC6D525A-8A28-342F-A67C-3CBD86F22230}"
EndProject
Project("{8BC9CEB8-8B4A-11D0-8D11-00A0C91BC942}") = "ALL_BUILD", "ALL_BUILD.vcxproj", "{6A1E6209-4736-3EDD-AC45-173E9026857C}"
	ProjectSection(ProjectDependencies) = postProject
		{888E490A-D520-333E-881B-66ED5869BB29} = {888E490A-D520-333E-881B-66ED5869BB29}
		{149F4B24-0090-3532-BA3D-F8498749799C} = {149F4B24-0090-3532-BA3D-F8498749799C}
	EndProjectSection
EndProject
Project("{8BC9CEB8-8B4A-11D0-8D11-00A0C91BC942}") = "INSTALL", "INSTALL.vcxproj", "{0ACB177B-F827-3207-9890-5F6AAB80DE01}"
	ProjectSection(ProjectDependencies) = postProject
		{6A1E6209-4736-3EDD-AC45-173E9026857C} = {6A1E6209-4736-3EDD-AC45-173E9026857C}
		{149F4B24-0090-3532-BA3D-F8498749799C} = {149F4B24-0090-3532-BA3D-F8498749799C}
	EndProjectSection
EndProject
Project("{8BC9CEB8-8B4A-11D0-8D11-00A0C91BC942}") = "PACKAGE", "PACKAGE.vcxproj", "{193F1ED3-6DEB-3FC3-B85F-D2B51AB85D60}"
	ProjectSection(ProjectDependencies) = postProject
		{6A1E6209-4736-3EDD-AC45-173E9026857C} = {6A1E6209-4736-3EDD-AC45-173E9026857C}
		{149F4B24-0090-3532-BA3D-F8498749799C} = {149F4B24-0090-3532-BA3D-F8498749799C}
	EndProjectSection
EndProject
Project("{8BC9CEB8-8B4A-11D0-8D11-00A0C91BC942}") = "SDL2", "..\SDL\SDL2.vcxproj", "{C24249BB-511F-32EB-A65F-DCCD5D016CE0}"
	ProjectSection(ProjectDependencies) = postProject
		{149F4B24-0090-3532-BA3D-F8498749799C} = {149F4B24-0090-3532-BA3D-F8498749799C}
		{62D6A4C0-BFF5-3CC7-B299-3A3F818242FC} = {62D6A4C0-BFF5-3CC7-B299-3A3F818242FC}
	EndProjectSection
EndProject
Project("{8BC9CEB8-8B4A-11D0-8D11-00A0C91BC942}") = "SDL2_mixer", "SDL2_mixer.vcxproj", "{888E490A-D520-333E-881B-66ED5869BB29}"
	ProjectSection(ProjectDependencies) = postProject
		{C24249BB-511F-32EB-A65F-DCCD5D016CE0} = {C24249BB-511F-32EB-A65F-DCCD5D016CE0}
		{149F4B24-0090-3532-BA3D-F8498749799C} = {149F4B24-0090-3532-BA3D-F8498749799C}
		{CA92330A-6536-313A-BBAE-2352B54FDFC4} = {CA92330A-6536-313A-BBAE-2352B54FDFC4}
		{C9BFE8FB-70E0-3E71-9358-994A68AF5FA0} = {C9BFE8FB-70E0-3E71-9358-994A68AF5FA0}
		{71EC71E7-5778-3D54-9F69-080B18271EA6} = {71EC71E7-5778-3D54-9F69-080B18271EA6}
	EndProjectSection
EndProject
Project("{8BC9CEB8-8B4A-11D0-8D11-00A0C91BC942}") = "ZERO_CHECK", "..\\ZERO_CHECK.vcxproj", "{149F4B24-0090-3532-BA3D-F8498749799C}"
	ProjectSection(ProjectDependencies) = postProject
	EndProjectSection
EndProject
Project("{8BC9CEB8-8B4A-11D0-8D11-00A0C91BC942}") = "ogg", "external\ogg\ogg.vcxproj", "{BD48E2C4-9707-370F-B71B-02C01B897161}"
	ProjectSection(ProjectDependencies) = postProject
		{149F4B24-0090-3532-BA3D-F8498749799C} = {149F4B24-0090-3532-BA3D-F8498749799C}
	EndProjectSection
EndProject
Project("{8BC9CEB8-8B4A-11D0-8D11-00A0C91BC942}") = "opus", "external\opus\opus.vcxproj", "{EA45AF48-D4CF-3B7A-A8AA-3D237C1ADF37}"
	ProjectSection(ProjectDependencies) = postProject
		{149F4B24-0090-3532-BA3D-F8498749799C} = {149F4B24-0090-3532-BA3D-F8498749799C}
	EndProjectSection
EndProject
Project("{8BC9CEB8-8B4A-11D0-8D11-00A0C91BC942}") = "opusfile", "external\opusfile\opusfile.vcxproj", "{CA92330A-6536-313A-BBAE-2352B54FDFC4}"
	ProjectSection(ProjectDependencies) = postProject
		{149F4B24-0090-3532-BA3D-F8498749799C} = {149F4B24-0090-3532-BA3D-F8498749799C}
		{BD48E2C4-9707-370F-B71B-02C01B897161} = {BD48E2C4-9707-370F-B71B-02C01B897161}
		{EA45AF48-D4CF-3B7A-A8AA-3D237C1ADF37} = {EA45AF48-D4CF-3B7A-A8AA-3D237C1ADF37}
	EndProjectSection
EndProject
Project("{8BC9CEB8-8B4A-11D0-8D11-00A0C91BC942}") = "sdl_headers_copy", "..\SDL\sdl_headers_copy.vcxproj", "{62D6A4C0-BFF5-3CC7-B299-3A3F818242FC}"
	ProjectSection(ProjectDependencies) = postProject
		{149F4B24-0090-3532-BA3D-F8498749799C} = {149F4B24-0090-3532-BA3D-F8498749799C}
	EndProjectSection
EndProject
Project("{8BC9CEB8-8B4A-11D0-8D11-00A0C91BC942}") = "wavpack", "external\wavpack\wavpack.vcxproj", "{C9BFE8FB-70E0-3E71-9358-994A68AF5FA0}"
	ProjectSection(ProjectDependencies) = postProject
		{149F4B24-0090-3532-BA3D-F8498749799C} = {149F4B24-0090-3532-BA3D-F8498749799C}
	EndProjectSection
EndProject
Project("{8BC9CEB8-8B4A-11D0-8D11-00A0C91BC942}") = "xmp_shared", "external\libxmp\xmp_shared.vcxproj", "{71EC71E7-5778-3D54-9F69-080B18271EA6}"
	ProjectSection(ProjectDependencies) = postProject
		{149F4B24-0090-3532-BA3D-F8498749799C} = {149F4B24-0090-3532-BA3D-F8498749799C}
	EndProjectSection
EndProject
Global
	GlobalSection(SolutionConfigurationPlatforms) = preSolution
		Debug|x64 = Debug|x64
		Release|x64 = Release|x64
		MinSizeRel|x64 = MinSizeRel|x64
		RelWithDebInfo|x64 = RelWithDebInfo|x64
	EndGlobalSection
	GlobalSection(ProjectConfigurationPlatforms) = postSolution
		{6A1E6209-4736-3EDD-AC45-173E9026857C}.Debug|x64.ActiveCfg = Debug|x64
		{6A1E6209-4736-3EDD-AC45-173E9026857C}.Debug|x64.Build.0 = Debug|x64
		{6A1E6209-4736-3EDD-AC45-173E9026857C}.Release|x64.ActiveCfg = Release|x64
		{6A1E6209-4736-3EDD-AC45-173E9026857C}.Release|x64.Build.0 = Release|x64
		{6A1E6209-4736-3EDD-AC45-173E9026857C}.MinSizeRel|x64.ActiveCfg = MinSizeRel|x64
		{6A1E6209-4736-3EDD-AC45-173E9026857C}.MinSizeRel|x64.Build.0 = MinSizeRel|x64
		{6A1E6209-4736-3EDD-AC45-173E9026857C}.RelWithDebInfo|x64.ActiveCfg = RelWithDebInfo|x64
		{6A1E6209-4736-3EDD-AC45-173E9026857C}.RelWithDebInfo|x64.Build.0 = RelWithDebInfo|x64
		{0ACB177B-F827-3207-9890-5F6AAB80DE01}.Debug|x64.ActiveCfg = Debug|x64
		{0ACB177B-F827-3207-9890-5F6AAB80DE01}.Release|x64.ActiveCfg = Release|x64
		{0ACB177B-F827-3207-9890-5F6AAB80DE01}.MinSizeRel|x64.ActiveCfg = MinSizeRel|x64
		{0ACB177B-F827-3207-9890-5F6AAB80DE01}.RelWithDebInfo|x64.ActiveCfg = RelWithDebInfo|x64
		{193F1ED3-6DEB-3FC3-B85F-D2B51AB85D60}.Debug|x64.ActiveCfg = Debug|x64
		{193F1ED3-6DEB-3FC3-B85F-D2B51AB85D60}.Release|x64.ActiveCfg = Release|x64
		{193F1ED3-6DEB-3FC3-B85F-D2B51AB85D60}.MinSizeRel|x64.ActiveCfg = MinSizeRel|x64
		{193F1ED3-6DEB-3FC3-B85F-D2B51AB85D60}.RelWithDebInfo|x64.ActiveCfg = RelWithDebInfo|x64
		{C24249BB-511F-32EB-A65F-DCCD5D016CE0}.Debug|x64.ActiveCfg = Debug|x64
		{C24249BB-511F-32EB-A65F-DCCD5D016CE0}.Debug|x64.Build.0 = Debug|x64
		{C24249BB-511F-32EB-A65F-DCCD5D016CE0}.Release|x64.ActiveCfg = Release|x64
		{C24249BB-511F-32EB-A65F-DCCD5D016CE0}.Release|x64.Build.0 = Release|x64
		{C24249BB-511F-32EB-A65F-DCCD5D016CE0}.MinSizeRel|x64.ActiveCfg = MinSizeRel|x64
		{C24249BB-511F-32EB-A65F-DCCD5D016CE0}.MinSizeRel|x64.Build.0 = MinSizeRel|x64
		{C24249BB-511F-32EB-A65F-DCCD5D016CE0}.RelWithDebInfo|x64.ActiveCfg = RelWithDebInfo|x64
		{C24249BB-511F-32EB-A65F-DCCD5D016CE0}.RelWithDebInfo|x64.Build.0 = RelWithDebInfo|x64
		{888E490A-D520-333E-881B-66ED5869BB29}.Debug|x64.ActiveCfg = Debug|x64
		{888E490A-D520-333E-881B-66ED5869BB29}.Debug|x64.Build.0 = Debug|x64
		{888E490A-D520-333E-881B-66ED5869BB29}.Release|x64.ActiveCfg = Release|x64
		{888E490A-D520-333E-881B-66ED5869BB29}.Release|x64.Build.0 = Release|x64
		{888E490A-D520-333E-881B-66ED5869BB29}.MinSizeRel|x64.ActiveCfg = MinSizeRel|x64
		{888E490A-D520-333E-881B-66ED5869BB29}.MinSizeRel|x64.Build.0 = MinSizeRel|x64
		{888E490A-D520-333E-881B-66ED5869BB29}.RelWithDebInfo|x64.ActiveCfg = RelWithDebInfo|x64
		{888E490A-D520-333E-881B-66ED5869BB29}.RelWithDebInfo|x64.Build.0 = RelWithDebInfo|x64
		{149F4B24-0090-3532-BA3D-F8498749799C}.Debug|x64.ActiveCfg = Debug|x64
		{149F4B24-0090-3532-BA3D-F8498749799C}.Debug|x64.Build.0 = Debug|x64
		{149F4B24-0090-3532-BA3D-F8498749799C}.Release|x64.ActiveCfg = Release|x64
		{149F4B24-0090-3532-BA3D-F8498749799C}.Release|x64.Build.0 = Release|x64
		{149F4B24-0090-3532-BA3D-F8498749799C}.MinSizeRel|x64.ActiveCfg = MinSizeRel|x64
		{149F4B24-0090-3532-BA3D-F8498749799C}.MinSizeRel|x64.Build.0 = MinSizeRel|x64
		{149F4B24-0090-3532-BA3D-F8498749799C}.RelWithDebInfo|x64.ActiveCfg = RelWithDebInfo|x64
		{149F4B24-0090-3532-BA3D-F8498749799C}.RelWithDebInfo|x64.Build.0 = RelWithDebInfo|x64
		{BD48E2C4-9707-370F-B71B-02C01B897161}.Debug|x64.ActiveCfg = Debug|x64
		{BD48E2C4-9707-370F-B71B-02C01B897161}.Debug|x64.Build.0 = Debug|x64
		{BD48E2C4-9707-370F-B71B-02C01B897161}.Release|x64.ActiveCfg = Release|x64
		{BD48E2C4-9707-370F-B71B-02C01B897161}.Release|x64.Build.0 = Release|x64
		{BD48E2C4-9707-370F-B71B-02C01B897161}.MinSizeRel|x64.ActiveCfg = MinSizeRel|x64
		{BD48E2C4-9707-370F-B71B-02C01B897161}.MinSizeRel|x64.Build.0 = MinSizeRel|x64
		{BD48E2C4-9707-370F-B71B-02C01B897161}.RelWithDebInfo|x64.ActiveCfg = RelWithDebInfo|x64
		{BD48E2C4-9707-370F-B71B-02C01B897161}.RelWithDebInfo|x64.Build.0 = RelWithDebInfo|x64
		{EA45AF48-D4CF-3B7A-A8AA-3D237C1ADF37}.Debug|x64.ActiveCfg = Debug|x64
		{EA45AF48-D4CF-3B7A-A8AA-3D237C1ADF37}.Debug|x64.Build.0 = Debug|x64
		{EA45AF48-D4CF-3B7A-A8AA-3D237C1ADF37}.Release|x64.ActiveCfg = Release|x64
		{EA45AF48-D4CF-3B7A-A8AA-3D237C1ADF37}.Release|x64.Build.0 = Release|x64
		{EA45AF48-D4CF-3B7A-A8AA-3D237C1ADF37}.MinSizeRel|x64.ActiveCfg = MinSizeRel|x64
		{EA45AF48-D4CF-3B7A-A8AA-3D237C1ADF37}.MinSizeRel|x64.Build.0 = MinSizeRel|x64
		{EA45AF48-D4CF-3B7A-A8AA-3D237C1ADF37}.RelWithDebInfo|x64.ActiveCfg = RelWithDebInfo|x64
		{EA45AF48-D4CF-3B7A-A8AA-3D237C1ADF37}.RelWithDebInfo|x64.Build.0 = RelWithDebInfo|x64
		{CA92330A-6536-313A-BBAE-2352B54FDFC4}.Debug|x64.ActiveCfg = Debug|x64
		{CA92330A-6536-313A-BBAE-2352B54FDFC4}.Debug|x64.Build.0 = Debug|x64
		{CA92330A-6536-313A-BBAE-2352B54FDFC4}.Release|x64.ActiveCfg = Release|x64
		{CA92330A-6536-313A-BBAE-2352B54FDFC4}.Release|x64.Build.0 = Release|x64
		{CA92330A-6536-313A-BBAE-2352B54FDFC4}.MinSizeRel|x64.ActiveCfg = MinSizeRel|x64
		{CA92330A-6536-313A-BBAE-2352B54FDFC4}.MinSizeRel|x64.Build.0 = MinSizeRel|x64
		{CA92330A-6536-313A-BBAE-2352B54FDFC4}.RelWithDebInfo|x64.ActiveCfg = RelWithDebInfo|x64
		{CA92330A-6536-313A-BBAE-2352B54FDFC4}.RelWithDebInfo|x64.Build.0 = RelWithDebInfo|x64
		{62D6A4C0-BFF5-3CC7-B299-3A3F818242FC}.Debug|x64.ActiveCfg = Debug|x64
		{62D6A4C0-BFF5-3CC7-B299-3A3F818242FC}.Debug|x64.Build.0 = Debug|x64
		{62D6A4C0-BFF5-3CC7-B299-3A3F818242FC}.Release|x64.ActiveCfg = Release|x64
		{62D6A4C0-BFF5-3CC7-B299-3A3F818242FC}.Release|x64.Build.0 = Release|x64
		{62D6A4C0-BFF5-3CC7-B299-3A3F818242FC}.MinSizeRel|x64.ActiveCfg = MinSizeRel|x64
		{62D6A4C0-BFF5-3CC7-B299-3A3F818242FC}.MinSizeRel|x64.Build.0 = MinSizeRel|x64
		{62D6A4C0-BFF5-3CC7-B299-3A3F818242FC}.RelWithDebInfo|x64.ActiveCfg = RelWithDebInfo|x64
		{62D6A4C0-BFF5-3CC7-B299-3A3F818242FC}.RelWithDebInfo|x64.Build.0 = RelWithDebInfo|x64
		{C9BFE8FB-70E0-3E71-9358-994A68AF5FA0}.Debug|x64.ActiveCfg = Debug|x64
		{C9BFE8FB-70E0-3E71-9358-994A68AF5FA0}.Debug|x64.Build.0 = Debug|x64
		{C9BFE8FB-70E0-3E71-9358-994A68AF5FA0}.Release|x64.ActiveCfg = Release|x64
		{C9BFE8FB-70E0-3E71-9358-994A68AF5FA0}.Release|x64.Build.0 = Release|x64
		{C9BFE8FB-70E0-3E71-9358-994A68AF5FA0}.MinSizeRel|x64.ActiveCfg = MinSizeRel|x64
		{C9BFE8FB-70E0-3E71-9358-994A68AF5FA0}.MinSizeRel|x64.Build.0 = MinSizeRel|x64
		{C9BFE8FB-70E0-3E71-9358-994A68AF5FA0}.RelWithDebInfo|x64.ActiveCfg = RelWithDebInfo|x64
		{C9BFE8FB-70E0-3E71-9358-994A68AF5FA0}.RelWithDebInfo|x64.Build.0 = RelWithDebInfo|x64
		{71EC71E7-5778-3D54-9F69-080B18271EA6}.Debug|x64.ActiveCfg = Debug|x64
		{71EC71E7-5778-3D54-9F69-080B18271EA6}.Debug|x64.Build.0 = Debug|x64
		{71EC71E7-5778-3D54-9F69-080B18271EA6}.Release|x64.ActiveCfg = Release|x64
		{71EC71E7-5778-3D54-9F69-080B18271EA6}.Release|x64.Build.0 = Release|x64
		{71EC71E7-5778-3D54-9F69-080B18271EA6}.MinSizeRel|x64.ActiveCfg = MinSizeRel|x64
		{71EC71E7-5778-3D54-9F69-080B18271EA6}.MinSizeRel|x64.Build.0 = MinSizeRel|x64
		{71EC71E7-5778-3D54-9F69-080B18271EA6}.RelWithDebInfo|x64.ActiveCfg = RelWithDebInfo|x64
		{71EC71E7-5778-3D54-9F69-080B18271EA6}.RelWithDebInfo|x64.Build.0 = RelWithDebInfo|x64
	EndGlobalSection
	GlobalSection(NestedProjects) = preSolution
		{6A1E6209-4736-3EDD-AC45-173E9026857C} = {BC6D525A-8A28-342F-A67C-3CBD86F22230}
		{0ACB177B-F827-3207-9890-5F6AAB80DE01} = {BC6D525A-8A28-342F-A67C-3CBD86F22230}
		{193F1ED3-6DEB-3FC3-B85F-D2B51AB85D60} = {BC6D525A-8A28-342F-A67C-3CBD86F22230}
		{149F4B24-0090-3532-BA3D-F8498749799C} = {BC6D525A-8A28-342F-A67C-3CBD86F22230}
	EndGlobalSection
	GlobalSection(ExtensibilityGlobals) = postSolution
		SolutionGuid = {C0CC01EC-B390-3D23-8920-79E2AC581E32}
	EndGlobalSection
	GlobalSection(ExtensibilityAddIns) = postSolution
	EndGlobalSection
EndGlobal
