<?xml version="1.0" encoding="utf-8"?>
<Project ToolsVersion="17.0" xmlns="http://schemas.microsoft.com/developer/msbuild/2003">
  <ItemGroup>
    <CustomBuild Include="C:\Users\abhis\gamedev\Shadow\Engine\dependencies\CMakeFiles\9061926377d80a75e70ee9976812336b\INSTALL_force.rule">
      <Filter>CMake Rules</Filter>
    </CustomBuild>
  </ItemGroup>
  <ItemGroup>
    <Filter Include="CMake Rules">
      <UniqueIdentifier>{A4C0864F-5150-3E05-AE0E-56C6AFB9E1DB}</UniqueIdentifier>
    </Filter>
  </ItemGroup>
</Project>
