
Microsoft Visual Studio Solution File, Format Version 12.00
# Visual Studio Version 17
Project("{2150E333-8FDC-42A3-9474-1A3956D46DE8}") = "CMakePredefinedTargets", "CMakePredefinedTargets", "{261B6E1A-7341-37AE-B58D-5943A41910F4}"
EndProject
Project("{8BC9CEB8-8B4A-11D0-8D11-00A0C91BC942}") = "ALL_BUILD", "ALL_BUILD.vcxproj", "{5210C669-0B7E-3412-B312-20E296B512F8}"
	ProjectSection(ProjectDependencies) = postProject
		{CF560885-3263-3BB7-92B3-AF41569BAD7A} = {CF560885-3263-3BB7-92B3-AF41569BAD7A}
		{C2621ED7-32C0-3315-B51C-A68C25245B1C} = {C2621ED7-32C0-3315-B51C-A68C25245B1C}
	EndProjectSection
EndProject
Project("{8BC9CEB8-8B4A-11D0-8D11-00A0C91BC942}") = "INSTALL", "INSTALL.vcxproj", "{EB9EBF6B-09C7-3E99-8BE5-C323729C673A}"
	ProjectSection(ProjectDependencies) = postProject
		{5210C669-0B7E-3412-B312-20E296B512F8} = {5210C669-0B7E-3412-B312-20E296B512F8}
		{C2621ED7-32C0-3315-B51C-A68C25245B1C} = {C2621ED7-32C0-3315-B51C-A68C25245B1C}
	EndProjectSection
EndProject
Project("{8BC9CEB8-8B4A-11D0-8D11-00A0C91BC942}") = "PACKAGE", "PACKAGE.vcxproj", "{DFFB7A56-A34D-3106-AAEE-0643E7032035}"
	ProjectSection(ProjectDependencies) = postProject
		{5210C669-0B7E-3412-B312-20E296B512F8} = {5210C669-0B7E-3412-B312-20E296B512F8}
		{C2621ED7-32C0-3315-B51C-A68C25245B1C} = {C2621ED7-32C0-3315-B51C-A68C25245B1C}
	EndProjectSection
EndProject
Project("{8BC9CEB8-8B4A-11D0-8D11-00A0C91BC942}") = "SDL2", "..\SDL\SDL2.vcxproj", "{BA697BE1-03DC-38CC-B585-48F0B3435497}"
	ProjectSection(ProjectDependencies) = postProject
		{C2621ED7-32C0-3315-B51C-A68C25245B1C} = {C2621ED7-32C0-3315-B51C-A68C25245B1C}
		{704A1FD2-99C1-3B69-AA13-118BD27FF69B} = {704A1FD2-99C1-3B69-AA13-118BD27FF69B}
	EndProjectSection
EndProject
Project("{8BC9CEB8-8B4A-11D0-8D11-00A0C91BC942}") = "SDL2_ttf", "SDL2_ttf.vcxproj", "{CF560885-3263-3BB7-92B3-AF41569BAD7A}"
	ProjectSection(ProjectDependencies) = postProject
		{BA697BE1-03DC-38CC-B585-48F0B3435497} = {BA697BE1-03DC-38CC-B585-48F0B3435497}
		{C2621ED7-32C0-3315-B51C-A68C25245B1C} = {C2621ED7-32C0-3315-B51C-A68C25245B1C}
		{BEC5188F-798E-36C8-876B-ECC7B5655C26} = {BEC5188F-798E-36C8-876B-ECC7B5655C26}
	EndProjectSection
EndProject
Project("{8BC9CEB8-8B4A-11D0-8D11-00A0C91BC942}") = "ZERO_CHECK", "C:\Users\abhis\gamedev\Shadow\Example\SpriteSheet\build\ZERO_CHECK.vcxproj", "{C2621ED7-32C0-3315-B51C-A68C25245B1C}"
	ProjectSection(ProjectDependencies) = postProject
	EndProjectSection
EndProject
Project("{8BC9CEB8-8B4A-11D0-8D11-00A0C91BC942}") = "freetype", "external\freetype\freetype.vcxproj", "{BEC5188F-798E-36C8-876B-ECC7B5655C26}"
	ProjectSection(ProjectDependencies) = postProject
		{C2621ED7-32C0-3315-B51C-A68C25245B1C} = {C2621ED7-32C0-3315-B51C-A68C25245B1C}
	EndProjectSection
EndProject
Project("{8BC9CEB8-8B4A-11D0-8D11-00A0C91BC942}") = "sdl_headers_copy", "..\SDL\sdl_headers_copy.vcxproj", "{704A1FD2-99C1-3B69-AA13-118BD27FF69B}"
	ProjectSection(ProjectDependencies) = postProject
		{C2621ED7-32C0-3315-B51C-A68C25245B1C} = {C2621ED7-32C0-3315-B51C-A68C25245B1C}
	EndProjectSection
EndProject
Global
	GlobalSection(SolutionConfigurationPlatforms) = preSolution
		Debug|x64 = Debug|x64
		Release|x64 = Release|x64
		MinSizeRel|x64 = MinSizeRel|x64
		RelWithDebInfo|x64 = RelWithDebInfo|x64
	EndGlobalSection
	GlobalSection(ProjectConfigurationPlatforms) = postSolution
		{5210C669-0B7E-3412-B312-20E296B512F8}.Debug|x64.ActiveCfg = Debug|x64
		{5210C669-0B7E-3412-B312-20E296B512F8}.Debug|x64.Build.0 = Debug|x64
		{5210C669-0B7E-3412-B312-20E296B512F8}.Release|x64.ActiveCfg = Release|x64
		{5210C669-0B7E-3412-B312-20E296B512F8}.Release|x64.Build.0 = Release|x64
		{5210C669-0B7E-3412-B312-20E296B512F8}.MinSizeRel|x64.ActiveCfg = MinSizeRel|x64
		{5210C669-0B7E-3412-B312-20E296B512F8}.MinSizeRel|x64.Build.0 = MinSizeRel|x64
		{5210C669-0B7E-3412-B312-20E296B512F8}.RelWithDebInfo|x64.ActiveCfg = RelWithDebInfo|x64
		{5210C669-0B7E-3412-B312-20E296B512F8}.RelWithDebInfo|x64.Build.0 = RelWithDebInfo|x64
		{EB9EBF6B-09C7-3E99-8BE5-C323729C673A}.Debug|x64.ActiveCfg = Debug|x64
		{EB9EBF6B-09C7-3E99-8BE5-C323729C673A}.Release|x64.ActiveCfg = Release|x64
		{EB9EBF6B-09C7-3E99-8BE5-C323729C673A}.MinSizeRel|x64.ActiveCfg = MinSizeRel|x64
		{EB9EBF6B-09C7-3E99-8BE5-C323729C673A}.RelWithDebInfo|x64.ActiveCfg = RelWithDebInfo|x64
		{DFFB7A56-A34D-3106-AAEE-0643E7032035}.Debug|x64.ActiveCfg = Debug|x64
		{DFFB7A56-A34D-3106-AAEE-0643E7032035}.Release|x64.ActiveCfg = Release|x64
		{DFFB7A56-A34D-3106-AAEE-0643E7032035}.MinSizeRel|x64.ActiveCfg = MinSizeRel|x64
		{DFFB7A56-A34D-3106-AAEE-0643E7032035}.RelWithDebInfo|x64.ActiveCfg = RelWithDebInfo|x64
		{BA697BE1-03DC-38CC-B585-48F0B3435497}.Debug|x64.ActiveCfg = Debug|x64
		{BA697BE1-03DC-38CC-B585-48F0B3435497}.Debug|x64.Build.0 = Debug|x64
		{BA697BE1-03DC-38CC-B585-48F0B3435497}.Release|x64.ActiveCfg = Release|x64
		{BA697BE1-03DC-38CC-B585-48F0B3435497}.Release|x64.Build.0 = Release|x64
		{BA697BE1-03DC-38CC-B585-48F0B3435497}.MinSizeRel|x64.ActiveCfg = MinSizeRel|x64
		{BA697BE1-03DC-38CC-B585-48F0B3435497}.MinSizeRel|x64.Build.0 = MinSizeRel|x64
		{BA697BE1-03DC-38CC-B585-48F0B3435497}.RelWithDebInfo|x64.ActiveCfg = RelWithDebInfo|x64
		{BA697BE1-03DC-38CC-B585-48F0B3435497}.RelWithDebInfo|x64.Build.0 = RelWithDebInfo|x64
		{CF560885-3263-3BB7-92B3-AF41569BAD7A}.Debug|x64.ActiveCfg = Debug|x64
		{CF560885-3263-3BB7-92B3-AF41569BAD7A}.Debug|x64.Build.0 = Debug|x64
		{CF560885-3263-3BB7-92B3-AF41569BAD7A}.Release|x64.ActiveCfg = Release|x64
		{CF560885-3263-3BB7-92B3-AF41569BAD7A}.Release|x64.Build.0 = Release|x64
		{CF560885-3263-3BB7-92B3-AF41569BAD7A}.MinSizeRel|x64.ActiveCfg = MinSizeRel|x64
		{CF560885-3263-3BB7-92B3-AF41569BAD7A}.MinSizeRel|x64.Build.0 = MinSizeRel|x64
		{CF560885-3263-3BB7-92B3-AF41569BAD7A}.RelWithDebInfo|x64.ActiveCfg = RelWithDebInfo|x64
		{CF560885-3263-3BB7-92B3-AF41569BAD7A}.RelWithDebInfo|x64.Build.0 = RelWithDebInfo|x64
		{C2621ED7-32C0-3315-B51C-A68C25245B1C}.Debug|x64.ActiveCfg = Debug|x64
		{C2621ED7-32C0-3315-B51C-A68C25245B1C}.Debug|x64.Build.0 = Debug|x64
		{C2621ED7-32C0-3315-B51C-A68C25245B1C}.Release|x64.ActiveCfg = Release|x64
		{C2621ED7-32C0-3315-B51C-A68C25245B1C}.Release|x64.Build.0 = Release|x64
		{C2621ED7-32C0-3315-B51C-A68C25245B1C}.MinSizeRel|x64.ActiveCfg = MinSizeRel|x64
		{C2621ED7-32C0-3315-B51C-A68C25245B1C}.MinSizeRel|x64.Build.0 = MinSizeRel|x64
		{C2621ED7-32C0-3315-B51C-A68C25245B1C}.RelWithDebInfo|x64.ActiveCfg = RelWithDebInfo|x64
		{C2621ED7-32C0-3315-B51C-A68C25245B1C}.RelWithDebInfo|x64.Build.0 = RelWithDebInfo|x64
		{BEC5188F-798E-36C8-876B-ECC7B5655C26}.Debug|x64.ActiveCfg = Debug|x64
		{BEC5188F-798E-36C8-876B-ECC7B5655C26}.Debug|x64.Build.0 = Debug|x64
		{BEC5188F-798E-36C8-876B-ECC7B5655C26}.Release|x64.ActiveCfg = Release|x64
		{BEC5188F-798E-36C8-876B-ECC7B5655C26}.Release|x64.Build.0 = Release|x64
		{BEC5188F-798E-36C8-876B-ECC7B5655C26}.MinSizeRel|x64.ActiveCfg = MinSizeRel|x64
		{BEC5188F-798E-36C8-876B-ECC7B5655C26}.MinSizeRel|x64.Build.0 = MinSizeRel|x64
		{BEC5188F-798E-36C8-876B-ECC7B5655C26}.RelWithDebInfo|x64.ActiveCfg = RelWithDebInfo|x64
		{BEC5188F-798E-36C8-876B-ECC7B5655C26}.RelWithDebInfo|x64.Build.0 = RelWithDebInfo|x64
		{704A1FD2-99C1-3B69-AA13-118BD27FF69B}.Debug|x64.ActiveCfg = Debug|x64
		{704A1FD2-99C1-3B69-AA13-118BD27FF69B}.Debug|x64.Build.0 = Debug|x64
		{704A1FD2-99C1-3B69-AA13-118BD27FF69B}.Release|x64.ActiveCfg = Release|x64
		{704A1FD2-99C1-3B69-AA13-118BD27FF69B}.Release|x64.Build.0 = Release|x64
		{704A1FD2-99C1-3B69-AA13-118BD27FF69B}.MinSizeRel|x64.ActiveCfg = MinSizeRel|x64
		{704A1FD2-99C1-3B69-AA13-118BD27FF69B}.MinSizeRel|x64.Build.0 = MinSizeRel|x64
		{704A1FD2-99C1-3B69-AA13-118BD27FF69B}.RelWithDebInfo|x64.ActiveCfg = RelWithDebInfo|x64
		{704A1FD2-99C1-3B69-AA13-118BD27FF69B}.RelWithDebInfo|x64.Build.0 = RelWithDebInfo|x64
	EndGlobalSection
	GlobalSection(NestedProjects) = preSolution
		{5210C669-0B7E-3412-B312-20E296B512F8} = {261B6E1A-7341-37AE-B58D-5943A41910F4}
		{EB9EBF6B-09C7-3E99-8BE5-C323729C673A} = {261B6E1A-7341-37AE-B58D-5943A41910F4}
		{DFFB7A56-A34D-3106-AAEE-0643E7032035} = {261B6E1A-7341-37AE-B58D-5943A41910F4}
		{C2621ED7-32C0-3315-B51C-A68C25245B1C} = {261B6E1A-7341-37AE-B58D-5943A41910F4}
	EndGlobalSection
	GlobalSection(ExtensibilityGlobals) = postSolution
		SolutionGuid = {DA55AD82-05F7-3122-B6DA-0F4DFE7DCB28}
	EndGlobalSection
	GlobalSection(ExtensibilityAddIns) = postSolution
	EndGlobalSection
EndGlobal
