<?xml version="1.0" encoding="utf-8"?>
<Project ToolsVersion="17.0" xmlns="http://schemas.microsoft.com/developer/msbuild/2003">
  <ItemGroup>
    <ClCompile Include="C:\Users\abhis\gamedev\Shadow\dependencies\SDL_ttf\SDL_ttf.c">
      <Filter>Source Files</Filter>
    </ClCompile>
  </ItemGroup>
  <ItemGroup>
    <ClInclude Include="C:\Users\abhis\gamedev\Shadow\dependencies\SDL_ttf\SDL_ttf.h">
      <Filter>Header Files</Filter>
    </ClInclude>
  </ItemGroup>
  <ItemGroup>
    <CustomBuild Include="C:\Users\abhis\gamedev\Shadow\dependencies\SDL_ttf\CMakeLists.txt" />
  </ItemGroup>
  <ItemGroup>
    <ResourceCompile Include="C:\Users\abhis\gamedev\Shadow\dependencies\SDL_ttf\version.rc">
      <Filter>Source Files</Filter>
    </ResourceCompile>
  </ItemGroup>
  <ItemGroup>
    <Filter Include="Header Files">
      <UniqueIdentifier>{065C43DA-6E50-3D00-AC18-9E4CA5BC4ECF}</UniqueIdentifier>
    </Filter>
    <Filter Include="Source Files">
      <UniqueIdentifier>{924EDE80-3EA8-3399-8188-8D7FBDD0A9FB}</UniqueIdentifier>
    </Filter>
  </ItemGroup>
</Project>
