
Microsoft Visual Studio Solution File, Format Version 12.00
# Visual Studio Version 17
Project("{2150E333-8FDC-42A3-9474-1A3956D46DE8}") = "CMakePredefinedTargets", "CMakePredefinedTargets", "{261B6E1A-7341-37AE-B58D-5943A41910F4}"
EndProject
Project("{8BC9CEB8-8B4A-11D0-8D11-00A0C91BC942}") = "ALL_BUILD", "ALL_BUILD.vcxproj", "{5210C669-0B7E-3412-B312-20E296B512F8}"
	ProjectSection(ProjectDependencies) = postProject
		{9BF33EEF-FE90-3701-9B1E-BF0E84F6EADD} = {9BF33EEF-FE90-3701-9B1E-BF0E84F6EADD}
		{C2621ED7-32C0-3315-B51C-A68C25245B1C} = {C2621ED7-32C0-3315-B51C-A68C25245B1C}
	EndProjectSection
EndProject
Project("{8BC9CEB8-8B4A-11D0-8D11-00A0C91BC942}") = "INSTALL", "INSTALL.vcxproj", "{EB9EBF6B-09C7-3E99-8BE5-C323729C673A}"
	ProjectSection(ProjectDependencies) = postProject
		{5210C669-0B7E-3412-B312-20E296B512F8} = {5210C669-0B7E-3412-B312-20E296B512F8}
		{C2621ED7-32C0-3315-B51C-A68C25245B1C} = {C2621ED7-32C0-3315-B51C-A68C25245B1C}
	EndProjectSection
EndProject
Project("{8BC9CEB8-8B4A-11D0-8D11-00A0C91BC942}") = "PACKAGE", "PACKAGE.vcxproj", "{DFFB7A56-A34D-3106-AAEE-0643E7032035}"
	ProjectSection(ProjectDependencies) = postProject
		{5210C669-0B7E-3412-B312-20E296B512F8} = {5210C669-0B7E-3412-B312-20E296B512F8}
		{C2621ED7-32C0-3315-B51C-A68C25245B1C} = {C2621ED7-32C0-3315-B51C-A68C25245B1C}
	EndProjectSection
EndProject
Project("{8BC9CEB8-8B4A-11D0-8D11-00A0C91BC942}") = "SDL2", "..\SDL\SDL2.vcxproj", "{BA697BE1-03DC-38CC-B585-48F0B3435497}"
	ProjectSection(ProjectDependencies) = postProject
		{C2621ED7-32C0-3315-B51C-A68C25245B1C} = {C2621ED7-32C0-3315-B51C-A68C25245B1C}
		{704A1FD2-99C1-3B69-AA13-118BD27FF69B} = {704A1FD2-99C1-3B69-AA13-118BD27FF69B}
	EndProjectSection
EndProject
Project("{8BC9CEB8-8B4A-11D0-8D11-00A0C91BC942}") = "SDL2_mixer", "SDL2_mixer.vcxproj", "{9BF33EEF-FE90-3701-9B1E-BF0E84F6EADD}"
	ProjectSection(ProjectDependencies) = postProject
		{BA697BE1-03DC-38CC-B585-48F0B3435497} = {BA697BE1-03DC-38CC-B585-48F0B3435497}
		{C2621ED7-32C0-3315-B51C-A68C25245B1C} = {C2621ED7-32C0-3315-B51C-A68C25245B1C}
		{9B0DF953-CF3B-3513-AA5C-14046B1CDDB2} = {9B0DF953-CF3B-3513-AA5C-14046B1CDDB2}
		{BE29E6DE-9D36-3CC7-9F89-07816CD88E40} = {BE29E6DE-9D36-3CC7-9F89-07816CD88E40}
		{B25A123A-0C94-3D3B-9E96-CD6B96EF118C} = {B25A123A-0C94-3D3B-9E96-CD6B96EF118C}
	EndProjectSection
EndProject
Project("{8BC9CEB8-8B4A-11D0-8D11-00A0C91BC942}") = "ZERO_CHECK", "C:\Users\abhis\gamedev\Shadow\Example\SpriteSheet\build\ZERO_CHECK.vcxproj", "{C2621ED7-32C0-3315-B51C-A68C25245B1C}"
	ProjectSection(ProjectDependencies) = postProject
	EndProjectSection
EndProject
Project("{8BC9CEB8-8B4A-11D0-8D11-00A0C91BC942}") = "ogg", "external\ogg\ogg.vcxproj", "{91BA718B-5A6F-3DCA-8658-E09BFBB07A22}"
	ProjectSection(ProjectDependencies) = postProject
		{C2621ED7-32C0-3315-B51C-A68C25245B1C} = {C2621ED7-32C0-3315-B51C-A68C25245B1C}
	EndProjectSection
EndProject
Project("{8BC9CEB8-8B4A-11D0-8D11-00A0C91BC942}") = "opus", "external\opus\opus.vcxproj", "{779901BA-E436-3514-AF06-049850DD7A49}"
	ProjectSection(ProjectDependencies) = postProject
		{C2621ED7-32C0-3315-B51C-A68C25245B1C} = {C2621ED7-32C0-3315-B51C-A68C25245B1C}
	EndProjectSection
EndProject
Project("{8BC9CEB8-8B4A-11D0-8D11-00A0C91BC942}") = "opusfile", "external\opusfile\opusfile.vcxproj", "{9B0DF953-CF3B-3513-AA5C-14046B1CDDB2}"
	ProjectSection(ProjectDependencies) = postProject
		{C2621ED7-32C0-3315-B51C-A68C25245B1C} = {C2621ED7-32C0-3315-B51C-A68C25245B1C}
		{91BA718B-5A6F-3DCA-8658-E09BFBB07A22} = {91BA718B-5A6F-3DCA-8658-E09BFBB07A22}
		{779901BA-E436-3514-AF06-049850DD7A49} = {779901BA-E436-3514-AF06-049850DD7A49}
	EndProjectSection
EndProject
Project("{8BC9CEB8-8B4A-11D0-8D11-00A0C91BC942}") = "sdl_headers_copy", "..\SDL\sdl_headers_copy.vcxproj", "{704A1FD2-99C1-3B69-AA13-118BD27FF69B}"
	ProjectSection(ProjectDependencies) = postProject
		{C2621ED7-32C0-3315-B51C-A68C25245B1C} = {C2621ED7-32C0-3315-B51C-A68C25245B1C}
	EndProjectSection
EndProject
Project("{8BC9CEB8-8B4A-11D0-8D11-00A0C91BC942}") = "wavpack", "external\wavpack\wavpack.vcxproj", "{BE29E6DE-9D36-3CC7-9F89-07816CD88E40}"
	ProjectSection(ProjectDependencies) = postProject
		{C2621ED7-32C0-3315-B51C-A68C25245B1C} = {C2621ED7-32C0-3315-B51C-A68C25245B1C}
	EndProjectSection
EndProject
Project("{8BC9CEB8-8B4A-11D0-8D11-00A0C91BC942}") = "xmp_shared", "external\libxmp\xmp_shared.vcxproj", "{B25A123A-0C94-3D3B-9E96-CD6B96EF118C}"
	ProjectSection(ProjectDependencies) = postProject
		{C2621ED7-32C0-3315-B51C-A68C25245B1C} = {C2621ED7-32C0-3315-B51C-A68C25245B1C}
	EndProjectSection
EndProject
Global
	GlobalSection(SolutionConfigurationPlatforms) = preSolution
		Debug|x64 = Debug|x64
		Release|x64 = Release|x64
		MinSizeRel|x64 = MinSizeRel|x64
		RelWithDebInfo|x64 = RelWithDebInfo|x64
	EndGlobalSection
	GlobalSection(ProjectConfigurationPlatforms) = postSolution
		{5210C669-0B7E-3412-B312-20E296B512F8}.Debug|x64.ActiveCfg = Debug|x64
		{5210C669-0B7E-3412-B312-20E296B512F8}.Debug|x64.Build.0 = Debug|x64
		{5210C669-0B7E-3412-B312-20E296B512F8}.Release|x64.ActiveCfg = Release|x64
		{5210C669-0B7E-3412-B312-20E296B512F8}.Release|x64.Build.0 = Release|x64
		{5210C669-0B7E-3412-B312-20E296B512F8}.MinSizeRel|x64.ActiveCfg = MinSizeRel|x64
		{5210C669-0B7E-3412-B312-20E296B512F8}.MinSizeRel|x64.Build.0 = MinSizeRel|x64
		{5210C669-0B7E-3412-B312-20E296B512F8}.RelWithDebInfo|x64.ActiveCfg = RelWithDebInfo|x64
		{5210C669-0B7E-3412-B312-20E296B512F8}.RelWithDebInfo|x64.Build.0 = RelWithDebInfo|x64
		{EB9EBF6B-09C7-3E99-8BE5-C323729C673A}.Debug|x64.ActiveCfg = Debug|x64
		{EB9EBF6B-09C7-3E99-8BE5-C323729C673A}.Release|x64.ActiveCfg = Release|x64
		{EB9EBF6B-09C7-3E99-8BE5-C323729C673A}.MinSizeRel|x64.ActiveCfg = MinSizeRel|x64
		{EB9EBF6B-09C7-3E99-8BE5-C323729C673A}.RelWithDebInfo|x64.ActiveCfg = RelWithDebInfo|x64
		{DFFB7A56-A34D-3106-AAEE-0643E7032035}.Debug|x64.ActiveCfg = Debug|x64
		{DFFB7A56-A34D-3106-AAEE-0643E7032035}.Release|x64.ActiveCfg = Release|x64
		{DFFB7A56-A34D-3106-AAEE-0643E7032035}.MinSizeRel|x64.ActiveCfg = MinSizeRel|x64
		{DFFB7A56-A34D-3106-AAEE-0643E7032035}.RelWithDebInfo|x64.ActiveCfg = RelWithDebInfo|x64
		{BA697BE1-03DC-38CC-B585-48F0B3435497}.Debug|x64.ActiveCfg = Debug|x64
		{BA697BE1-03DC-38CC-B585-48F0B3435497}.Debug|x64.Build.0 = Debug|x64
		{BA697BE1-03DC-38CC-B585-48F0B3435497}.Release|x64.ActiveCfg = Release|x64
		{BA697BE1-03DC-38CC-B585-48F0B3435497}.Release|x64.Build.0 = Release|x64
		{BA697BE1-03DC-38CC-B585-48F0B3435497}.MinSizeRel|x64.ActiveCfg = MinSizeRel|x64
		{BA697BE1-03DC-38CC-B585-48F0B3435497}.MinSizeRel|x64.Build.0 = MinSizeRel|x64
		{BA697BE1-03DC-38CC-B585-48F0B3435497}.RelWithDebInfo|x64.ActiveCfg = RelWithDebInfo|x64
		{BA697BE1-03DC-38CC-B585-48F0B3435497}.RelWithDebInfo|x64.Build.0 = RelWithDebInfo|x64
		{9BF33EEF-FE90-3701-9B1E-BF0E84F6EADD}.Debug|x64.ActiveCfg = Debug|x64
		{9BF33EEF-FE90-3701-9B1E-BF0E84F6EADD}.Debug|x64.Build.0 = Debug|x64
		{9BF33EEF-FE90-3701-9B1E-BF0E84F6EADD}.Release|x64.ActiveCfg = Release|x64
		{9BF33EEF-FE90-3701-9B1E-BF0E84F6EADD}.Release|x64.Build.0 = Release|x64
		{9BF33EEF-FE90-3701-9B1E-BF0E84F6EADD}.MinSizeRel|x64.ActiveCfg = MinSizeRel|x64
		{9BF33EEF-FE90-3701-9B1E-BF0E84F6EADD}.MinSizeRel|x64.Build.0 = MinSizeRel|x64
		{9BF33EEF-FE90-3701-9B1E-BF0E84F6EADD}.RelWithDebInfo|x64.ActiveCfg = RelWithDebInfo|x64
		{9BF33EEF-FE90-3701-9B1E-BF0E84F6EADD}.RelWithDebInfo|x64.Build.0 = RelWithDebInfo|x64
		{C2621ED7-32C0-3315-B51C-A68C25245B1C}.Debug|x64.ActiveCfg = Debug|x64
		{C2621ED7-32C0-3315-B51C-A68C25245B1C}.Debug|x64.Build.0 = Debug|x64
		{C2621ED7-32C0-3315-B51C-A68C25245B1C}.Release|x64.ActiveCfg = Release|x64
		{C2621ED7-32C0-3315-B51C-A68C25245B1C}.Release|x64.Build.0 = Release|x64
		{C2621ED7-32C0-3315-B51C-A68C25245B1C}.MinSizeRel|x64.ActiveCfg = MinSizeRel|x64
		{C2621ED7-32C0-3315-B51C-A68C25245B1C}.MinSizeRel|x64.Build.0 = MinSizeRel|x64
		{C2621ED7-32C0-3315-B51C-A68C25245B1C}.RelWithDebInfo|x64.ActiveCfg = RelWithDebInfo|x64
		{C2621ED7-32C0-3315-B51C-A68C25245B1C}.RelWithDebInfo|x64.Build.0 = RelWithDebInfo|x64
		{91BA718B-5A6F-3DCA-8658-E09BFBB07A22}.Debug|x64.ActiveCfg = Debug|x64
		{91BA718B-5A6F-3DCA-8658-E09BFBB07A22}.Debug|x64.Build.0 = Debug|x64
		{91BA718B-5A6F-3DCA-8658-E09BFBB07A22}.Release|x64.ActiveCfg = Release|x64
		{91BA718B-5A6F-3DCA-8658-E09BFBB07A22}.Release|x64.Build.0 = Release|x64
		{91BA718B-5A6F-3DCA-8658-E09BFBB07A22}.MinSizeRel|x64.ActiveCfg = MinSizeRel|x64
		{91BA718B-5A6F-3DCA-8658-E09BFBB07A22}.MinSizeRel|x64.Build.0 = MinSizeRel|x64
		{91BA718B-5A6F-3DCA-8658-E09BFBB07A22}.RelWithDebInfo|x64.ActiveCfg = RelWithDebInfo|x64
		{91BA718B-5A6F-3DCA-8658-E09BFBB07A22}.RelWithDebInfo|x64.Build.0 = RelWithDebInfo|x64
		{779901BA-E436-3514-AF06-049850DD7A49}.Debug|x64.ActiveCfg = Debug|x64
		{779901BA-E436-3514-AF06-049850DD7A49}.Debug|x64.Build.0 = Debug|x64
		{779901BA-E436-3514-AF06-049850DD7A49}.Release|x64.ActiveCfg = Release|x64
		{779901BA-E436-3514-AF06-049850DD7A49}.Release|x64.Build.0 = Release|x64
		{779901BA-E436-3514-AF06-049850DD7A49}.MinSizeRel|x64.ActiveCfg = MinSizeRel|x64
		{779901BA-E436-3514-AF06-049850DD7A49}.MinSizeRel|x64.Build.0 = MinSizeRel|x64
		{779901BA-E436-3514-AF06-049850DD7A49}.RelWithDebInfo|x64.ActiveCfg = RelWithDebInfo|x64
		{779901BA-E436-3514-AF06-049850DD7A49}.RelWithDebInfo|x64.Build.0 = RelWithDebInfo|x64
		{9B0DF953-CF3B-3513-AA5C-14046B1CDDB2}.Debug|x64.ActiveCfg = Debug|x64
		{9B0DF953-CF3B-3513-AA5C-14046B1CDDB2}.Debug|x64.Build.0 = Debug|x64
		{9B0DF953-CF3B-3513-AA5C-14046B1CDDB2}.Release|x64.ActiveCfg = Release|x64
		{9B0DF953-CF3B-3513-AA5C-14046B1CDDB2}.Release|x64.Build.0 = Release|x64
		{9B0DF953-CF3B-3513-AA5C-14046B1CDDB2}.MinSizeRel|x64.ActiveCfg = MinSizeRel|x64
		{9B0DF953-CF3B-3513-AA5C-14046B1CDDB2}.MinSizeRel|x64.Build.0 = MinSizeRel|x64
		{9B0DF953-CF3B-3513-AA5C-14046B1CDDB2}.RelWithDebInfo|x64.ActiveCfg = RelWithDebInfo|x64
		{9B0DF953-CF3B-3513-AA5C-14046B1CDDB2}.RelWithDebInfo|x64.Build.0 = RelWithDebInfo|x64
		{704A1FD2-99C1-3B69-AA13-118BD27FF69B}.Debug|x64.ActiveCfg = Debug|x64
		{704A1FD2-99C1-3B69-AA13-118BD27FF69B}.Debug|x64.Build.0 = Debug|x64
		{704A1FD2-99C1-3B69-AA13-118BD27FF69B}.Release|x64.ActiveCfg = Release|x64
		{704A1FD2-99C1-3B69-AA13-118BD27FF69B}.Release|x64.Build.0 = Release|x64
		{704A1FD2-99C1-3B69-AA13-118BD27FF69B}.MinSizeRel|x64.ActiveCfg = MinSizeRel|x64
		{704A1FD2-99C1-3B69-AA13-118BD27FF69B}.MinSizeRel|x64.Build.0 = MinSizeRel|x64
		{704A1FD2-99C1-3B69-AA13-118BD27FF69B}.RelWithDebInfo|x64.ActiveCfg = RelWithDebInfo|x64
		{704A1FD2-99C1-3B69-AA13-118BD27FF69B}.RelWithDebInfo|x64.Build.0 = RelWithDebInfo|x64
		{BE29E6DE-9D36-3CC7-9F89-07816CD88E40}.Debug|x64.ActiveCfg = Debug|x64
		{BE29E6DE-9D36-3CC7-9F89-07816CD88E40}.Debug|x64.Build.0 = Debug|x64
		{BE29E6DE-9D36-3CC7-9F89-07816CD88E40}.Release|x64.ActiveCfg = Release|x64
		{BE29E6DE-9D36-3CC7-9F89-07816CD88E40}.Release|x64.Build.0 = Release|x64
		{BE29E6DE-9D36-3CC7-9F89-07816CD88E40}.MinSizeRel|x64.ActiveCfg = MinSizeRel|x64
		{BE29E6DE-9D36-3CC7-9F89-07816CD88E40}.MinSizeRel|x64.Build.0 = MinSizeRel|x64
		{BE29E6DE-9D36-3CC7-9F89-07816CD88E40}.RelWithDebInfo|x64.ActiveCfg = RelWithDebInfo|x64
		{BE29E6DE-9D36-3CC7-9F89-07816CD88E40}.RelWithDebInfo|x64.Build.0 = RelWithDebInfo|x64
		{B25A123A-0C94-3D3B-9E96-CD6B96EF118C}.Debug|x64.ActiveCfg = Debug|x64
		{B25A123A-0C94-3D3B-9E96-CD6B96EF118C}.Debug|x64.Build.0 = Debug|x64
		{B25A123A-0C94-3D3B-9E96-CD6B96EF118C}.Release|x64.ActiveCfg = Release|x64
		{B25A123A-0C94-3D3B-9E96-CD6B96EF118C}.Release|x64.Build.0 = Release|x64
		{B25A123A-0C94-3D3B-9E96-CD6B96EF118C}.MinSizeRel|x64.ActiveCfg = MinSizeRel|x64
		{B25A123A-0C94-3D3B-9E96-CD6B96EF118C}.MinSizeRel|x64.Build.0 = MinSizeRel|x64
		{B25A123A-0C94-3D3B-9E96-CD6B96EF118C}.RelWithDebInfo|x64.ActiveCfg = RelWithDebInfo|x64
		{B25A123A-0C94-3D3B-9E96-CD6B96EF118C}.RelWithDebInfo|x64.Build.0 = RelWithDebInfo|x64
	EndGlobalSection
	GlobalSection(NestedProjects) = preSolution
		{5210C669-0B7E-3412-B312-20E296B512F8} = {261B6E1A-7341-37AE-B58D-5943A41910F4}
		{EB9EBF6B-09C7-3E99-8BE5-C323729C673A} = {261B6E1A-7341-37AE-B58D-5943A41910F4}
		{DFFB7A56-A34D-3106-AAEE-0643E7032035} = {261B6E1A-7341-37AE-B58D-5943A41910F4}
		{C2621ED7-32C0-3315-B51C-A68C25245B1C} = {261B6E1A-7341-37AE-B58D-5943A41910F4}
	EndGlobalSection
	GlobalSection(ExtensibilityGlobals) = postSolution
		SolutionGuid = {29A68BCD-8C7D-3710-B4F5-609711A30767}
	EndGlobalSection
	GlobalSection(ExtensibilityAddIns) = postSolution
	EndGlobalSection
EndGlobal
