<?xml version="1.0" encoding="utf-8"?>
<Project ToolsVersion="17.0" xmlns="http://schemas.microsoft.com/developer/msbuild/2003">
  <ItemGroup>
    <CustomBuild Include="C:\Users\abhis\gamedev\Shadow\Engine\dependencies\CMakeFiles\421b87b6da5c1f90d4b50dd0da31e680\uninstall.rule">
      <Filter>CMake Rules</Filter>
    </CustomBuild>
    <CustomBuild Include="C:\Users\abhis\gamedev\Shadow\Engine\dependencies\SDL\CMakeLists.txt" />
  </ItemGroup>
  <ItemGroup>
    <None Include="C:\Users\abhis\gamedev\Shadow\Engine\dependencies\dependencies\SDL\CMakeFiles\uninstall" />
  </ItemGroup>
  <ItemGroup>
    <Filter Include="CMake Rules">
      <UniqueIdentifier>{A4C0864F-5150-3E05-AE0E-56C6AFB9E1DB}</UniqueIdentifier>
    </Filter>
  </ItemGroup>
</Project>
