<?xml version="1.0" encoding="utf-8"?>
<Project ToolsVersion="17.0" xmlns="http://schemas.microsoft.com/developer/msbuild/2003">
  <ItemGroup>
    <CustomBuild Include="C:\Users\abhis\gamedev\Shadow\Example\SpriteSheet\build\CMakeFiles\24a7ee02d0ead584dcc7e47ff08554eb\INSTALL_force.rule">
      <Filter>CMake Rules</Filter>
    </CustomBuild>
  </ItemGroup>
  <ItemGroup>
    <Filter Include="CMake Rules">
      <UniqueIdentifier>{EA384623-B71E-34E0-ADC0-1CF3071BAE75}</UniqueIdentifier>
    </Filter>
  </ItemGroup>
</Project>
