
Microsoft Visual Studio Solution File, Format Version 12.00
# Visual Studio Version 17
Project("{2150E333-8FDC-42A3-9474-1A3956D46DE8}") = "CMakePredefinedTargets", "CMakePredefinedTargets", "{C9EAA104-E35D-3C7C-AB60-17FA20CCEA9C}"
EndProject
Project("{8BC9CEB8-8B4A-11D0-8D11-00A0C91BC942}") = "ALL_BUILD", "ALL_BUILD.vcxproj", "{174FEF0D-BAD8-3952-BE1A-EE204F6965AF}"
	ProjectSection(ProjectDependencies) = postProject
		{E7B5F111-54DA-3E8F-968E-8434514B0DCA} = {E7B5F111-54DA-3E8F-968E-8434514B0DCA}
		{64D4C61C-1646-386D-BE35-C398CEE3D470} = {64D4C61C-1646-386D-BE35-C398CEE3D470}
	EndProjectSection
EndProject
Project("{8BC9CEB8-8B4A-11D0-8D11-00A0C91BC942}") = "INSTALL", "INSTALL.vcxproj", "{F99FE7A8-91BD-3FEB-BB6B-48A82A9E6B34}"
	ProjectSection(ProjectDependencies) = postProject
		{174FEF0D-BAD8-3952-BE1A-EE204F6965AF} = {174FEF0D-BAD8-3952-BE1A-EE204F6965AF}
		{64D4C61C-1646-386D-BE35-C398CEE3D470} = {64D4C61C-1646-386D-BE35-C398CEE3D470}
	EndProjectSection
EndProject
Project("{8BC9CEB8-8B4A-11D0-8D11-00A0C91BC942}") = "PACKAGE", "PACKAGE.vcxproj", "{CD76E2EC-79F8-3476-A216-4D9E7AD248DC}"
	ProjectSection(ProjectDependencies) = postProject
		{174FEF0D-BAD8-3952-BE1A-EE204F6965AF} = {174FEF0D-BAD8-3952-BE1A-EE204F6965AF}
		{64D4C61C-1646-386D-BE35-C398CEE3D470} = {64D4C61C-1646-386D-BE35-C398CEE3D470}
	EndProjectSection
EndProject
Project("{8BC9CEB8-8B4A-11D0-8D11-00A0C91BC942}") = "SDL2", "..\SDL\SDL2.vcxproj", "{1E0FE092-605E-3180-B7D2-F3FE60FFDD77}"
	ProjectSection(ProjectDependencies) = postProject
		{64D4C61C-1646-386D-BE35-C398CEE3D470} = {64D4C61C-1646-386D-BE35-C398CEE3D470}
		{CF1D9616-CE3F-3701-B30E-80654F4F26CF} = {CF1D9616-CE3F-3701-B30E-80654F4F26CF}
	EndProjectSection
EndProject
Project("{8BC9CEB8-8B4A-11D0-8D11-00A0C91BC942}") = "SDL2_image", "SDL2_image.vcxproj", "{E7B5F111-54DA-3E8F-968E-8434514B0DCA}"
	ProjectSection(ProjectDependencies) = postProject
		{1E0FE092-605E-3180-B7D2-F3FE60FFDD77} = {1E0FE092-605E-3180-B7D2-F3FE60FFDD77}
		{64D4C61C-1646-386D-BE35-C398CEE3D470} = {64D4C61C-1646-386D-BE35-C398CEE3D470}
	EndProjectSection
EndProject
Project("{8BC9CEB8-8B4A-11D0-8D11-00A0C91BC942}") = "ZERO_CHECK", "..\..\\ZERO_CHECK.vcxproj", "{64D4C61C-1646-386D-BE35-C398CEE3D470}"
	ProjectSection(ProjectDependencies) = postProject
	EndProjectSection
EndProject
Project("{8BC9CEB8-8B4A-11D0-8D11-00A0C91BC942}") = "sdl_headers_copy", "..\SDL\sdl_headers_copy.vcxproj", "{CF1D9616-CE3F-3701-B30E-80654F4F26CF}"
	ProjectSection(ProjectDependencies) = postProject
		{64D4C61C-1646-386D-BE35-C398CEE3D470} = {64D4C61C-1646-386D-BE35-C398CEE3D470}
	EndProjectSection
EndProject
Global
	GlobalSection(SolutionConfigurationPlatforms) = preSolution
		Debug|x64 = Debug|x64
		Release|x64 = Release|x64
		MinSizeRel|x64 = MinSizeRel|x64
		RelWithDebInfo|x64 = RelWithDebInfo|x64
	EndGlobalSection
	GlobalSection(ProjectConfigurationPlatforms) = postSolution
		{174FEF0D-BAD8-3952-BE1A-EE204F6965AF}.Debug|x64.ActiveCfg = Debug|x64
		{174FEF0D-BAD8-3952-BE1A-EE204F6965AF}.Debug|x64.Build.0 = Debug|x64
		{174FEF0D-BAD8-3952-BE1A-EE204F6965AF}.Release|x64.ActiveCfg = Release|x64
		{174FEF0D-BAD8-3952-BE1A-EE204F6965AF}.Release|x64.Build.0 = Release|x64
		{174FEF0D-BAD8-3952-BE1A-EE204F6965AF}.MinSizeRel|x64.ActiveCfg = MinSizeRel|x64
		{174FEF0D-BAD8-3952-BE1A-EE204F6965AF}.MinSizeRel|x64.Build.0 = MinSizeRel|x64
		{174FEF0D-BAD8-3952-BE1A-EE204F6965AF}.RelWithDebInfo|x64.ActiveCfg = RelWithDebInfo|x64
		{174FEF0D-BAD8-3952-BE1A-EE204F6965AF}.RelWithDebInfo|x64.Build.0 = RelWithDebInfo|x64
		{F99FE7A8-91BD-3FEB-BB6B-48A82A9E6B34}.Debug|x64.ActiveCfg = Debug|x64
		{F99FE7A8-91BD-3FEB-BB6B-48A82A9E6B34}.Release|x64.ActiveCfg = Release|x64
		{F99FE7A8-91BD-3FEB-BB6B-48A82A9E6B34}.MinSizeRel|x64.ActiveCfg = MinSizeRel|x64
		{F99FE7A8-91BD-3FEB-BB6B-48A82A9E6B34}.RelWithDebInfo|x64.ActiveCfg = RelWithDebInfo|x64
		{CD76E2EC-79F8-3476-A216-4D9E7AD248DC}.Debug|x64.ActiveCfg = Debug|x64
		{CD76E2EC-79F8-3476-A216-4D9E7AD248DC}.Release|x64.ActiveCfg = Release|x64
		{CD76E2EC-79F8-3476-A216-4D9E7AD248DC}.MinSizeRel|x64.ActiveCfg = MinSizeRel|x64
		{CD76E2EC-79F8-3476-A216-4D9E7AD248DC}.RelWithDebInfo|x64.ActiveCfg = RelWithDebInfo|x64
		{1E0FE092-605E-3180-B7D2-F3FE60FFDD77}.Debug|x64.ActiveCfg = Debug|x64
		{1E0FE092-605E-3180-B7D2-F3FE60FFDD77}.Debug|x64.Build.0 = Debug|x64
		{1E0FE092-605E-3180-B7D2-F3FE60FFDD77}.Release|x64.ActiveCfg = Release|x64
		{1E0FE092-605E-3180-B7D2-F3FE60FFDD77}.Release|x64.Build.0 = Release|x64
		{1E0FE092-605E-3180-B7D2-F3FE60FFDD77}.MinSizeRel|x64.ActiveCfg = MinSizeRel|x64
		{1E0FE092-605E-3180-B7D2-F3FE60FFDD77}.MinSizeRel|x64.Build.0 = MinSizeRel|x64
		{1E0FE092-605E-3180-B7D2-F3FE60FFDD77}.RelWithDebInfo|x64.ActiveCfg = RelWithDebInfo|x64
		{1E0FE092-605E-3180-B7D2-F3FE60FFDD77}.RelWithDebInfo|x64.Build.0 = RelWithDebInfo|x64
		{E7B5F111-54DA-3E8F-968E-8434514B0DCA}.Debug|x64.ActiveCfg = Debug|x64
		{E7B5F111-54DA-3E8F-968E-8434514B0DCA}.Debug|x64.Build.0 = Debug|x64
		{E7B5F111-54DA-3E8F-968E-8434514B0DCA}.Release|x64.ActiveCfg = Release|x64
		{E7B5F111-54DA-3E8F-968E-8434514B0DCA}.Release|x64.Build.0 = Release|x64
		{E7B5F111-54DA-3E8F-968E-8434514B0DCA}.MinSizeRel|x64.ActiveCfg = MinSizeRel|x64
		{E7B5F111-54DA-3E8F-968E-8434514B0DCA}.MinSizeRel|x64.Build.0 = MinSizeRel|x64
		{E7B5F111-54DA-3E8F-968E-8434514B0DCA}.RelWithDebInfo|x64.ActiveCfg = RelWithDebInfo|x64
		{E7B5F111-54DA-3E8F-968E-8434514B0DCA}.RelWithDebInfo|x64.Build.0 = RelWithDebInfo|x64
		{64D4C61C-1646-386D-BE35-C398CEE3D470}.Debug|x64.ActiveCfg = Debug|x64
		{64D4C61C-1646-386D-BE35-C398CEE3D470}.Debug|x64.Build.0 = Debug|x64
		{64D4C61C-1646-386D-BE35-C398CEE3D470}.Release|x64.ActiveCfg = Release|x64
		{64D4C61C-1646-386D-BE35-C398CEE3D470}.Release|x64.Build.0 = Release|x64
		{64D4C61C-1646-386D-BE35-C398CEE3D470}.MinSizeRel|x64.ActiveCfg = MinSizeRel|x64
		{64D4C61C-1646-386D-BE35-C398CEE3D470}.MinSizeRel|x64.Build.0 = MinSizeRel|x64
		{64D4C61C-1646-386D-BE35-C398CEE3D470}.RelWithDebInfo|x64.ActiveCfg = RelWithDebInfo|x64
		{64D4C61C-1646-386D-BE35-C398CEE3D470}.RelWithDebInfo|x64.Build.0 = RelWithDebInfo|x64
		{CF1D9616-CE3F-3701-B30E-80654F4F26CF}.Debug|x64.ActiveCfg = Debug|x64
		{CF1D9616-CE3F-3701-B30E-80654F4F26CF}.Debug|x64.Build.0 = Debug|x64
		{CF1D9616-CE3F-3701-B30E-80654F4F26CF}.Release|x64.ActiveCfg = Release|x64
		{CF1D9616-CE3F-3701-B30E-80654F4F26CF}.Release|x64.Build.0 = Release|x64
		{CF1D9616-CE3F-3701-B30E-80654F4F26CF}.MinSizeRel|x64.ActiveCfg = MinSizeRel|x64
		{CF1D9616-CE3F-3701-B30E-80654F4F26CF}.MinSizeRel|x64.Build.0 = MinSizeRel|x64
		{CF1D9616-CE3F-3701-B30E-80654F4F26CF}.RelWithDebInfo|x64.ActiveCfg = RelWithDebInfo|x64
		{CF1D9616-CE3F-3701-B30E-80654F4F26CF}.RelWithDebInfo|x64.Build.0 = RelWithDebInfo|x64
	EndGlobalSection
	GlobalSection(NestedProjects) = preSolution
		{174FEF0D-BAD8-3952-BE1A-EE204F6965AF} = {C9EAA104-E35D-3C7C-AB60-17FA20CCEA9C}
		{F99FE7A8-91BD-3FEB-BB6B-48A82A9E6B34} = {C9EAA104-E35D-3C7C-AB60-17FA20CCEA9C}
		{CD76E2EC-79F8-3476-A216-4D9E7AD248DC} = {C9EAA104-E35D-3C7C-AB60-17FA20CCEA9C}
		{64D4C61C-1646-386D-BE35-C398CEE3D470} = {C9EAA104-E35D-3C7C-AB60-17FA20CCEA9C}
	EndGlobalSection
	GlobalSection(ExtensibilityGlobals) = postSolution
		SolutionGuid = {E98F53FE-D9C7-36DF-8C34-BAD60BBE555F}
	EndGlobalSection
	GlobalSection(ExtensibilityAddIns) = postSolution
	EndGlobalSection
EndGlobal
