<?xml version="1.0" encoding="utf-8"?>
<Project ToolsVersion="17.0" xmlns="http://schemas.microsoft.com/developer/msbuild/2003">
  <ItemGroup>
    <CustomBuild Include="C:\Users\abhis\gamedev\Shadow\dependencies\build-win\CMakeFiles\5c64c4d26bb67d15ab6e315d1263d84d\uninstall.rule">
      <Filter>CMake Rules</Filter>
    </CustomBuild>
    <CustomBuild Include="C:\Users\abhis\gamedev\Shadow\dependencies\SDL\CMakeLists.txt" />
  </ItemGroup>
  <ItemGroup>
    <None Include="C:\Users\abhis\gamedev\Shadow\dependencies\build-win\SDL\CMakeFiles\uninstall" />
  </ItemGroup>
  <ItemGroup>
    <Filter Include="CMake Rules">
      <UniqueIdentifier>{2638CB3F-0E8B-3DD2-9640-88AC919A351A}</UniqueIdentifier>
    </Filter>
  </ItemGroup>
</Project>
